// !$*UTF8*$!
{
	archiveVersion = 1;
	classes = {
	};
	objectVersion = 46;
	objects = {

/* Begin PBXBuildFile section */
		18DC8A961A240CF700AD2637 /* Main.storyboard in Resources */ = {isa = PBXBuildFile; fileRef = 18DC8A951A240CF700AD2637 /* Main.storyboard */; };
		32B4080CDD2C9FCFC5F43C82 /* libPods.a in Frameworks */ = {isa = PBXBuildFile; fileRef = 241BCB908804591C1877DAD1 /* libPods.a */; };
		650F65121A1AEB6E0086A68F /* Foundation.framework in Frameworks */ = {isa = PBXBuildFile; fileRef = 650F65111A1AEB6E0086A68F /* Foundation.framework */; };
		650F65141A1AEB6E0086A68F /* CoreGraphics.framework in Frameworks */ = {isa = PBXBuildFile; fileRef = 650F65131A1AEB6E0086A68F /* CoreGraphics.framework */; };
		650F65161A1AEB6E0086A68F /* UIKit.framework in Frameworks */ = {isa = PBXBuildFile; fileRef = 650F65151A1AEB6E0086A68F /* UIKit.framework */; };
		650F651C1A1AEB6E0086A68F /* InfoPlist.strings in Resources */ = {isa = PBXBuildFile; fileRef = 650F651A1A1AEB6E0086A68F /* InfoPlist.strings */; };
		650F651E1A1AEB6E0086A68F /* main.m in Sources */ = {isa = PBXBuildFile; fileRef = 650F651D1A1AEB6E0086A68F /* main.m */; };
		650F65221A1AEB6E0086A68F /* AppDelegate.m in Sources */ = {isa = PBXBuildFile; fileRef = 650F65211A1AEB6E0086A68F /* AppDelegate.m */; };
		650F65241A1AEB6E0086A68F /* Images.xcassets in Resources */ = {isa = PBXBuildFile; fileRef = 650F65231A1AEB6E0086A68F /* Images.xcassets */; };
		650F65471A1AEBA00086A68F /* MainViewController.m in Sources */ = {isa = PBXBuildFile; fileRef = 650F65451A1AEBA00086A68F /* MainViewController.m */; };
		650F65481A1AEBA00086A68F /* MainViewController.xib in Resources */ = {isa = PBXBuildFile; fileRef = 650F65461A1AEBA00086A68F /* MainViewController.xib */; };
		650F654E1A1AEBA90086A68F /* HBTabBar.m in Sources */ = {isa = PBXBuildFile; fileRef = 650F654A1A1AEBA90086A68F /* HBTabBar.m */; };
		650F654F1A1AEBA90086A68F /* DemoView.m in Sources */ = {isa = PBXBuildFile; fileRef = 650F654C1A1AEBA90086A68F /* DemoView.m */; };
		650F65501A1AEBA90086A68F /* DemoView.xib in Resources */ = {isa = PBXBuildFile; fileRef = 650F654D1A1AEBA90086A68F /* DemoView.xib */; };
		6516EF541A241AED001747D4 /* BaseModel.m in Sources */ = {isa = PBXBuildFile; fileRef = 6516EF531A241AED001747D4 /* BaseModel.m */; };
		6516EF571A241BEA001747D4 /* CoreData.framework in Frameworks */ = {isa = PBXBuildFile; fileRef = 6516EF561A241BEA001747D4 /* CoreData.framework */; };
		6516EF5A1A241C32001747D4 /* BaseManagedObject.m in Sources */ = {isa = PBXBuildFile; fileRef = 6516EF591A241C32001747D4 /* BaseManagedObject.m */; };
		651D3D201A248F8E008F4C4F /* BookmarksViewController.m in Sources */ = {isa = PBXBuildFile; fileRef = 651D3D1E1A248F8E008F4C4F /* BookmarksViewController.m */; };
		651D3D211A248F8E008F4C4F /* BookmarksViewController.xib in Resources */ = {isa = PBXBuildFile; fileRef = 651D3D1F1A248F8E008F4C4F /* BookmarksViewController.xib */; };
		651D3D231A249175008F4C4F /* nobookmark.png in Resources */ = {isa = PBXBuildFile; fileRef = 651D3D221A249175008F4C4F /* nobookmark.png */; };
		653C61191A26F47800AA223D /* RecruitArticleViewController.m in Sources */ = {isa = PBXBuildFile; fileRef = 653C61171A26F47800AA223D /* RecruitArticleViewController.m */; };
		653C611A1A26F47800AA223D /* RecruitArticleViewController.xib in Resources */ = {isa = PBXBuildFile; fileRef = 653C61181A26F47800AA223D /* RecruitArticleViewController.xib */; };
		653C611D1A26F6D200AA223D /* AdsModel.m in Sources */ = {isa = PBXBuildFile; fileRef = 653C611C1A26F6D200AA223D /* AdsModel.m */; };
		65B69D2B1A246EFF00943A3A /* line-1.png in Resources */ = {isa = PBXBuildFile; fileRef = 65B69D2A1A246EFF00943A3A /* line-1.png */; };
		65B69D2D1A24725D00943A3A /* line-space.png in Resources */ = {isa = PBXBuildFile; fileRef = 65B69D2C1A24725D00943A3A /* line-space.png */; };
		65D588001A24231E006B7106 /* bg_nav.png in Resources */ = {isa = PBXBuildFile; fileRef = 65D587E51A24231E006B7106 /* bg_nav.png */; };
		65D588011A24231E006B7106 /* bt_back_off.png in Resources */ = {isa = PBXBuildFile; fileRef = 65D587E61A24231E006B7106 /* bt_back_off.png */; };
		65D588021A24231E006B7106 /* bt_bookmark_off.png in Resources */ = {isa = PBXBuildFile; fileRef = 65D587E71A24231E006B7106 /* bt_bookmark_off.png */; };
		65D588031A24231E006B7106 /* bt_cmt_off.png in Resources */ = {isa = PBXBuildFile; fileRef = 65D587E81A24231E006B7106 /* bt_cmt_off.png */; };
		65D588041A24231E006B7106 /* bt_readmore_off.png in Resources */ = {isa = PBXBuildFile; fileRef = 65D587E91A24231E006B7106 /* bt_readmore_off.png */; };
		65D588051A24231E006B7106 /* bt_send_off.png in Resources */ = {isa = PBXBuildFile; fileRef = 65D587EA1A24231E006B7106 /* bt_send_off.png */; };
		65D588061A24231E006B7106 /* bt_share_off.png in Resources */ = {isa = PBXBuildFile; fileRef = 65D587EB1A24231E006B7106 /* bt_share_off.png */; };
		65D588071A24231E006B7106 /* bt_title_new.png in Resources */ = {isa = PBXBuildFile; fileRef = 65D587EC1A24231E006B7106 /* bt_title_new.png */; };
		65D588081A24231E006B7106 /* comment.png in Resources */ = {isa = PBXBuildFile; fileRef = 65D587ED1A24231E006B7106 /* comment.png */; };
		65D588091A24231E006B7106 /* facebook_off.png in Resources */ = {isa = PBXBuildFile; fileRef = 65D587EE1A24231E006B7106 /* facebook_off.png */; };
		65D5880A1A24231E006B7106 /* ic_arrow.png in Resources */ = {isa = PBXBuildFile; fileRef = 65D587EF1A24231E006B7106 /* ic_arrow.png */; };
		65D5880B1A24231E006B7106 /* ic_count_cmt.png in Resources */ = {isa = PBXBuildFile; fileRef = 65D587F01A24231E006B7106 /* ic_count_cmt.png */; };
		65D5880C1A24231E006B7106 /* ic_count_cmt2.png in Resources */ = {isa = PBXBuildFile; fileRef = 65D587F11A24231E006B7106 /* ic_count_cmt2.png */; };
		65D5880D1A24231E006B7106 /* ico_pr.png in Resources */ = {isa = PBXBuildFile; fileRef = 65D587F21A24231E006B7106 /* ico_pr.png */; };
		65D5880E1A24231E006B7106 /* ico_pr@2x.png in Resources */ = {isa = PBXBuildFile; fileRef = 65D587F31A24231E006B7106 /* ico_pr@2x.png */; };
		65D5880F1A24231E006B7106 /* ico_pr@3x.png in Resources */ = {isa = PBXBuildFile; fileRef = 65D587F41A24231E006B7106 /* ico_pr@3x.png */; };
		65D588101A24231E006B7106 /* image-bg-blue.png in Resources */ = {isa = PBXBuildFile; fileRef = 65D587F51A24231E006B7106 /* image-bg-blue.png */; };
		65D588111A24231E006B7106 /* image-bg-white.png in Resources */ = {isa = PBXBuildFile; fileRef = 65D587F61A24231E006B7106 /* image-bg-white.png */; };
		65D588121A24231E006B7106 /* img1.png in Resources */ = {isa = PBXBuildFile; fileRef = 65D587F71A24231E006B7106 /* img1.png */; };
		65D588131A24231E006B7106 /* img2.png in Resources */ = {isa = PBXBuildFile; fileRef = 65D587F81A24231E006B7106 /* img2.png */; };
		65D588141A24231E006B7106 /* img3.png in Resources */ = {isa = PBXBuildFile; fileRef = 65D587F91A24231E006B7106 /* img3.png */; };
		65D588151A24231E006B7106 /* img4.png in Resources */ = {isa = PBXBuildFile; fileRef = 65D587FA1A24231E006B7106 /* img4.png */; };
		65D588161A24231E006B7106 /* img5.png in Resources */ = {isa = PBXBuildFile; fileRef = 65D587FB1A24231E006B7106 /* img5.png */; };
		65D588171A24231E006B7106 /* img7.png in Resources */ = {isa = PBXBuildFile; fileRef = 65D587FC1A24231E006B7106 /* img7.png */; };
		65D588181A24231E006B7106 /* img8.png in Resources */ = {isa = PBXBuildFile; fileRef = 65D587FD1A24231E006B7106 /* img8.png */; };
		65D588191A24231E006B7106 /* img9.png in Resources */ = {isa = PBXBuildFile; fileRef = 65D587FE1A24231E006B7106 /* img9.png */; };
		65D5881A1A24231E006B7106 /* twiter_off.png in Resources */ = {isa = PBXBuildFile; fileRef = 65D587FF1A24231E006B7106 /* twiter_off.png */; };
		65D5881E1A24239B006B7106 /* ArticleViewController.m in Sources */ = {isa = PBXBuildFile; fileRef = 65D5881D1A24239B006B7106 /* ArticleViewController.m */; };
		65D588211A2423B1006B7106 /* BaseViewController.m in Sources */ = {isa = PBXBuildFile; fileRef = 65D588201A2423B1006B7106 /* BaseViewController.m */; };
		65D588271A242446006B7106 /* ArticleModel.m in Sources */ = {isa = PBXBuildFile; fileRef = 65D588261A242446006B7106 /* ArticleModel.m */; };
		65D588311A24278D006B7106 /* TabViewController.m in Sources */ = {isa = PBXBuildFile; fileRef = 65D588301A24278D006B7106 /* TabViewController.m */; };
		65D588381A24367A006B7106 /* NormalArticleCell.m in Sources */ = {isa = PBXBuildFile; fileRef = 65D588371A24367A006B7106 /* NormalArticleCell.m */; };
		65D5883A1A24369D006B7106 /* NormalArticleCell.xib in Resources */ = {isa = PBXBuildFile; fileRef = 65D588391A24369D006B7106 /* NormalArticleCell.xib */; };
		65EF61BA1A1C970900E04A48 /* HomeCell.m in Sources */ = {isa = PBXBuildFile; fileRef = 65EF61B81A1C970900E04A48 /* HomeCell.m */; };
		65EF61BB1A1C970900E04A48 /* HomeCell.xib in Resources */ = {isa = PBXBuildFile; fileRef = 65EF61B91A1C970900E04A48 /* HomeCell.xib */; };
		65EF61CE1A1C989C00E04A48 /* SampleModel.m in Sources */ = {isa = PBXBuildFile; fileRef = 65EF61CD1A1C989C00E04A48 /* SampleModel.m */; };
		65F1CE931A26B96D00250E29 /* img6.png in Resources */ = {isa = PBXBuildFile; fileRef = 65F1CE901A26B96D00250E29 /* img6.png */; };
		65F1CE941A26B96D00250E29 /* next.png in Resources */ = {isa = PBXBuildFile; fileRef = 65F1CE911A26B96D00250E29 /* next.png */; };
		65F1CE951A26B96D00250E29 /* plus.png in Resources */ = {isa = PBXBuildFile; fileRef = 65F1CE921A26B96D00250E29 /* plus.png */; };
		65F1CE9E1A26B97A00250E29 /* CompanyCategoryCell.xib in Resources */ = {isa = PBXBuildFile; fileRef = 65F1CE961A26B97A00250E29 /* CompanyCategoryCell.xib */; };
		65F1CE9F1A26B97A00250E29 /* BaseCell.m in Sources */ = {isa = PBXBuildFile; fileRef = 65F1CE981A26B97A00250E29 /* BaseCell.m */; };
		65F1CEA01A26B97A00250E29 /* CompanyCategoryCell.m in Sources */ = {isa = PBXBuildFile; fileRef = 65F1CE9A1A26B97A00250E29 /* CompanyCategoryCell.m */; };
		65F1CEA11A26B97A00250E29 /* CompanyCell.m in Sources */ = {isa = PBXBuildFile; fileRef = 65F1CE9C1A26B97A00250E29 /* CompanyCell.m */; };
		65F1CEA21A26B97A00250E29 /* CompanyCell.xib in Resources */ = {isa = PBXBuildFile; fileRef = 65F1CE9D1A26B97A00250E29 /* CompanyCell.xib */; };
		65F1CEA71A26B98200250E29 /* CustomNavigationView.m in Sources */ = {isa = PBXBuildFile; fileRef = 65F1CEA51A26B98200250E29 /* CustomNavigationView.m */; };
		65F1CEA81A26B98200250E29 /* CustomNavigationView.xib in Resources */ = {isa = PBXBuildFile; fileRef = 65F1CEA61A26B98200250E29 /* CustomNavigationView.xib */; };
		65F1CEAF1A26B99400250E29 /* ArticleCategoryModel.m in Sources */ = {isa = PBXBuildFile; fileRef = 65F1CEAA1A26B99400250E29 /* ArticleCategoryModel.m */; };
		65F1CEB01A26B99400250E29 /* CompanyCategoryModel.m in Sources */ = {isa = PBXBuildFile; fileRef = 65F1CEAC1A26B99400250E29 /* CompanyCategoryModel.m */; };
		65F1CEB11A26B99400250E29 /* CompanyModel.m in Sources */ = {isa = PBXBuildFile; fileRef = 65F1CEAE1A26B99400250E29 /* CompanyModel.m */; };
		65F1CEBC1A26B99E00250E29 /* ListCompanyCategoryViewController.m in Sources */ = {isa = PBXBuildFile; fileRef = 65F1CEB41A26B99E00250E29 /* ListCompanyCategoryViewController.m */; };
		65F1CEBD1A26B99E00250E29 /* ListCompanyCategoryViewController.xib in Resources */ = {isa = PBXBuildFile; fileRef = 65F1CEB51A26B99E00250E29 /* ListCompanyCategoryViewController.xib */; };
		65F1CEBE1A26B99E00250E29 /* ListCompanyInfoViewController.m in Sources */ = {isa = PBXBuildFile; fileRef = 65F1CEB71A26B99E00250E29 /* ListCompanyInfoViewController.m */; };
		65F1CEBF1A26B99E00250E29 /* ListCompanyInfoViewController.xib in Resources */ = {isa = PBXBuildFile; fileRef = 65F1CEB81A26B99E00250E29 /* ListCompanyInfoViewController.xib */; };
		65F1CEC01A26B99E00250E29 /* ListCompanyViewController.m in Sources */ = {isa = PBXBuildFile; fileRef = 65F1CEBA1A26B99E00250E29 /* ListCompanyViewController.m */; };
		65F1CEC11A26B99E00250E29 /* ListCompanyViewController.xib in Resources */ = {isa = PBXBuildFile; fileRef = 65F1CEBB1A26B99E00250E29 /* ListCompanyViewController.xib */; };
		65F1CEC31A26BCD400250E29 /* language.json in Resources */ = {isa = PBXBuildFile; fileRef = 65F1CEC21A26BCD400250E29 /* language.json */; };
		65F1CEC61A26C1AE00250E29 /* BookmarkCompanyCell.m in Sources */ = {isa = PBXBuildFile; fileRef = 65F1CEC51A26C1AE00250E29 /* BookmarkCompanyCell.m */; };
		65F1CEC81A26C1CE00250E29 /* BookmarkCompanyCell.xib in Resources */ = {isa = PBXBuildFile; fileRef = 65F1CEC71A26C1CE00250E29 /* BookmarkCompanyCell.xib */; };
		65F1CECA1A26E0F900250E29 /* search.png in Resources */ = {isa = PBXBuildFile; fileRef = 65F1CEC91A26E0F900250E29 /* search.png */; };
		65F1CECD1A26E1FD00250E29 /* RecruitArticleCell.m in Sources */ = {isa = PBXBuildFile; fileRef = 65F1CECC1A26E1FD00250E29 /* RecruitArticleCell.m */; };
		65F1CED01A26E21400250E29 /* AdvertiseArticleCell.m in Sources */ = {isa = PBXBuildFile; fileRef = 65F1CECF1A26E21400250E29 /* AdvertiseArticleCell.m */; };
		65F1CED21A26E22500250E29 /* RecruitArticleCell.xib in Resources */ = {isa = PBXBuildFile; fileRef = 65F1CED11A26E22500250E29 /* RecruitArticleCell.xib */; };
		65F1CED41A26E23800250E29 /* AdvertiseArticleCell.xib in Resources */ = {isa = PBXBuildFile; fileRef = 65F1CED31A26E23800250E29 /* AdvertiseArticleCell.xib */; };
		65F1CED71A26EFC000250E29 /* RecruitArticleModel.m in Sources */ = {isa = PBXBuildFile; fileRef = 65F1CED61A26EFC000250E29 /* RecruitArticleModel.m */; };
		DB105BC01A24E770007669D5 /* RecruitDetailViewController.m in Sources */ = {isa = PBXBuildFile; fileRef = DB105BBE1A24E770007669D5 /* RecruitDetailViewController.m */; };
		DB105BC11A24E770007669D5 /* RecruitDetailViewController.xib in Resources */ = {isa = PBXBuildFile; fileRef = DB105BBF1A24E770007669D5 /* RecruitDetailViewController.xib */; };
		DB105BC31A24E9F1007669D5 /* company_logo.png in Resources */ = {isa = PBXBuildFile; fileRef = DB105BC21A24E9F1007669D5 /* company_logo.png */; };
		DB105BC81A24FC0A007669D5 /* bt_bookmark_bkg.png in Resources */ = {isa = PBXBuildFile; fileRef = DB105BC41A24FC0A007669D5 /* bt_bookmark_bkg.png */; };
		DB105BC91A24FC0A007669D5 /* bt_link_page_bgk.png in Resources */ = {isa = PBXBuildFile; fileRef = DB105BC51A24FC0A007669D5 /* bt_link_page_bgk.png */; };
		DB105BCA1A24FC0A007669D5 /* bt_relative_info_bkg.png in Resources */ = {isa = PBXBuildFile; fileRef = DB105BC61A24FC0A007669D5 /* bt_relative_info_bkg.png */; };
		DB105BCB1A24FC0A007669D5 /* temp2.png in Resources */ = {isa = PBXBuildFile; fileRef = DB105BC71A24FC0A007669D5 /* temp2.png */; };
		DB105BCF1A24FE3C007669D5 /* CommentCell.m in Sources */ = {isa = PBXBuildFile; fileRef = DB105BCD1A24FE3C007669D5 /* CommentCell.m */; };
		DB105BD01A24FE3C007669D5 /* CommentCell.xib in Resources */ = {isa = PBXBuildFile; fileRef = DB105BCE1A24FE3C007669D5 /* CommentCell.xib */; };
		DB105BDA1A2504E6007669D5 /* bt_back_recruit_detail.png in Resources */ = {isa = PBXBuildFile; fileRef = DB105BD11A2504E6007669D5 /* bt_back_recruit_detail.png */; };
		DB105BDB1A2504E6007669D5 /* bt_collapse_bkg.png in Resources */ = {isa = PBXBuildFile; fileRef = DB105BD21A2504E6007669D5 /* bt_collapse_bkg.png */; };
		DB105BDC1A2504E6007669D5 /* bt_dislike_bkg.png in Resources */ = {isa = PBXBuildFile; fileRef = DB105BD31A2504E6007669D5 /* bt_dislike_bkg.png */; };
		DB105BDD1A2504E6007669D5 /* bt_expand_bkg.png in Resources */ = {isa = PBXBuildFile; fileRef = DB105BD41A2504E6007669D5 /* bt_expand_bkg.png */; };
		DB105BDE1A2504E6007669D5 /* bt_like_bkg.png in Resources */ = {isa = PBXBuildFile; fileRef = DB105BD51A2504E6007669D5 /* bt_like_bkg.png */; };
		DB105BDF1A2504E6007669D5 /* icon_post_comment.png in Resources */ = {isa = PBXBuildFile; fileRef = DB105BD61A2504E6007669D5 /* icon_post_comment.png */; };
		DB105BE01A2504E6007669D5 /* icon_reply.png in Resources */ = {isa = PBXBuildFile; fileRef = DB105BD71A2504E6007669D5 /* icon_reply.png */; };
		DB105BE11A2504E6007669D5 /* icon_share_recruit.png in Resources */ = {isa = PBXBuildFile; fileRef = DB105BD81A2504E6007669D5 /* icon_share_recruit.png */; };
		DB105BE21A2504E6007669D5 /* num_comment_bkg.png in Resources */ = {isa = PBXBuildFile; fileRef = DB105BD91A2504E6007669D5 /* num_comment_bkg.png */; };
		DB4D860E1A262673008E8429 /* WebDetailViewController.m in Sources */ = {isa = PBXBuildFile; fileRef = DB4D860C1A262673008E8429 /* WebDetailViewController.m */; };
		DB4D860F1A262673008E8429 /* WebDetailViewController.xib in Resources */ = {isa = PBXBuildFile; fileRef = DB4D860D1A262673008E8429 /* WebDetailViewController.xib */; };
		DB4D86121A262FF9008E8429 /* bt_back_webdetail.png in Resources */ = {isa = PBXBuildFile; fileRef = DB4D86101A262FF9008E8429 /* bt_back_webdetail.png */; };
		DB4D86131A262FF9008E8429 /* temp3.png in Resources */ = {isa = PBXBuildFile; fileRef = DB4D86111A262FF9008E8429 /* temp3.png */; };
		DB4D861C1A263974008E8429 /* APIRequestManager.m in Sources */ = {isa = PBXBuildFile; fileRef = DB4D86161A263974008E8429 /* APIRequestManager.m */; };
		DB4D861D1A263974008E8429 /* HBMacros.m in Sources */ = {isa = PBXBuildFile; fileRef = DB4D86191A263974008E8429 /* HBMacros.m */; };
		DB4D861E1A263974008E8429 /* Utils.m in Sources */ = {isa = PBXBuildFile; fileRef = DB4D861B1A263974008E8429 /* Utils.m */; };
		DB4D862E1A263A27008E8429 /* blueArrow.png in Resources */ = {isa = PBXBuildFile; fileRef = DB4D86201A263A27008E8429 /* blueArrow.png */; };
		DB4D862F1A263A27008E8429 /* blueArrow@2x.png in Resources */ = {isa = PBXBuildFile; fileRef = DB4D86211A263A27008E8429 /* blueArrow@2x.png */; };
		DB4D86301A263A27008E8429 /* blueArrow_flip.png in Resources */ = {isa = PBXBuildFile; fileRef = DB4D86221A263A27008E8429 /* blueArrow_flip.png */; };
		DB4D86311A263A27008E8429 /* blueArrow_flip@2x.png in Resources */ = {isa = PBXBuildFile; fileRef = DB4D86231A263A27008E8429 /* blueArrow_flip@2x.png */; };
		DB4D86321A263A27008E8429 /* MNMBottomPullToRefreshManager.m in Sources */ = {isa = PBXBuildFile; fileRef = DB4D86251A263A27008E8429 /* MNMBottomPullToRefreshManager.m */; };
		DB4D86331A263A27008E8429 /* MNMBottomPullToRefreshView.m in Sources */ = {isa = PBXBuildFile; fileRef = DB4D86271A263A27008E8429 /* MNMBottomPullToRefreshView.m */; };
		DB4D86341A263A27008E8429 /* UIScrollView+SVInfiniteScrolling.m in Sources */ = {isa = PBXBuildFile; fileRef = DB4D862B1A263A27008E8429 /* UIScrollView+SVInfiniteScrolling.m */; };
		DB4D86351A263A27008E8429 /* UIScrollView+SVPullToRefresh.m in Sources */ = {isa = PBXBuildFile; fileRef = DB4D862D1A263A27008E8429 /* UIScrollView+SVPullToRefresh.m */; };
		DB4D86391A264DF1008E8429 /* CommentModel.m in Sources */ = {isa = PBXBuildFile; fileRef = DB4D86381A264DF1008E8429 /* CommentModel.m */; };
		DB8709D11A1CDB4D0009E6F0 /* SettingsView.m in Sources */ = {isa = PBXBuildFile; fileRef = DB8709D01A1CDB4D0009E6F0 /* SettingsView.m */; };
		DB8709D31A1CDB750009E6F0 /* SettingsView.xib in Resources */ = {isa = PBXBuildFile; fileRef = DB8709D21A1CDB750009E6F0 /* SettingsView.xib */; };
		DB8709D71A1CE5640009E6F0 /* DemoDetailViewController.m in Sources */ = {isa = PBXBuildFile; fileRef = DB8709D51A1CE5640009E6F0 /* DemoDetailViewController.m */; };
		DB8709D81A1CE5640009E6F0 /* DemoDetailViewController.xib in Resources */ = {isa = PBXBuildFile; fileRef = DB8709D61A1CE5640009E6F0 /* DemoDetailViewController.xib */; };
		DB8CAF251A275C97002E2A2A /* ShareSocial.m in Sources */ = {isa = PBXBuildFile; fileRef = DB8CAF241A275C97002E2A2A /* ShareSocial.m */; };
		DB8CAF271A276E75002E2A2A /* Social.framework in Frameworks */ = {isa = PBXBuildFile; fileRef = DB8CAF261A276E75002E2A2A /* Social.framework */; };
		DB8CAF2B1A279413002E2A2A /* CommentInputTextCell.m in Sources */ = {isa = PBXBuildFile; fileRef = DB8CAF291A279413002E2A2A /* CommentInputTextCell.m */; };
		DB8CAF2C1A279413002E2A2A /* CommentInputTextCell.xib in Resources */ = {isa = PBXBuildFile; fileRef = DB8CAF2A1A279413002E2A2A /* CommentInputTextCell.xib */; };
		F6E515551A288714003B6205 /* HPGrowingTextView.m in Sources */ = {isa = PBXBuildFile; fileRef = F6E515521A288714003B6205 /* HPGrowingTextView.m */; };
		F6E515561A288714003B6205 /* HPTextViewInternal.m in Sources */ = {isa = PBXBuildFile; fileRef = F6E515541A288714003B6205 /* HPTextViewInternal.m */; };
		F6E515591A288845003B6205 /* InputCommentView.m in Sources */ = {isa = PBXBuildFile; fileRef = F6E515581A288845003B6205 /* InputCommentView.m */; };
		F6E5155B1A28885A003B6205 /* InputCommentView.xib in Resources */ = {isa = PBXBuildFile; fileRef = F6E5155A1A28885A003B6205 /* InputCommentView.xib */; };
/* End PBXBuildFile section */

/* Begin PBXFileReference section */
		18DC8A951A240CF700AD2637 /* Main.storyboard */ = {isa = PBXFileReference; fileEncoding = 4; lastKnownFileType = file.storyboard; path = Main.storyboard; sourceTree = "<group>"; };
		241BCB908804591C1877DAD1 /* libPods.a */ = {isa = PBXFileReference; explicitFileType = archive.ar; includeInIndex = 0; path = libPods.a; sourceTree = BUILT_PRODUCTS_DIR; };
		650F650E1A1AEB6E0086A68F /* Giga.app */ = {isa = PBXFileReference; explicitFileType = wrapper.application; includeInIndex = 0; path = Giga.app; sourceTree = BUILT_PRODUCTS_DIR; };
		650F65111A1AEB6E0086A68F /* Foundation.framework */ = {isa = PBXFileReference; lastKnownFileType = wrapper.framework; name = Foundation.framework; path = System/Library/Frameworks/Foundation.framework; sourceTree = SDKROOT; };
		650F65131A1AEB6E0086A68F /* CoreGraphics.framework */ = {isa = PBXFileReference; lastKnownFileType = wrapper.framework; name = CoreGraphics.framework; path = System/Library/Frameworks/CoreGraphics.framework; sourceTree = SDKROOT; };
		650F65151A1AEB6E0086A68F /* UIKit.framework */ = {isa = PBXFileReference; lastKnownFileType = wrapper.framework; name = UIKit.framework; path = System/Library/Frameworks/UIKit.framework; sourceTree = SDKROOT; };
		650F65191A1AEB6E0086A68F /* Giga-Info.plist */ = {isa = PBXFileReference; lastKnownFileType = text.plist.xml; path = "Giga-Info.plist"; sourceTree = "<group>"; };
		650F651B1A1AEB6E0086A68F /* en */ = {isa = PBXFileReference; lastKnownFileType = text.plist.strings; name = en; path = en.lproj/InfoPlist.strings; sourceTree = "<group>"; };
		650F651D1A1AEB6E0086A68F /* main.m */ = {isa = PBXFileReference; lastKnownFileType = sourcecode.c.objc; path = main.m; sourceTree = "<group>"; };
		650F651F1A1AEB6E0086A68F /* Giga-Prefix.pch */ = {isa = PBXFileReference; lastKnownFileType = sourcecode.c.h; path = "Giga-Prefix.pch"; sourceTree = "<group>"; };
		650F65201A1AEB6E0086A68F /* AppDelegate.h */ = {isa = PBXFileReference; lastKnownFileType = sourcecode.c.h; path = AppDelegate.h; sourceTree = "<group>"; };
		650F65211A1AEB6E0086A68F /* AppDelegate.m */ = {isa = PBXFileReference; lastKnownFileType = sourcecode.c.objc; path = AppDelegate.m; sourceTree = "<group>"; };
		650F65231A1AEB6E0086A68F /* Images.xcassets */ = {isa = PBXFileReference; lastKnownFileType = folder.assetcatalog; path = Images.xcassets; sourceTree = "<group>"; };
		650F652A1A1AEB6E0086A68F /* XCTest.framework */ = {isa = PBXFileReference; lastKnownFileType = wrapper.framework; name = XCTest.framework; path = Library/Frameworks/XCTest.framework; sourceTree = DEVELOPER_DIR; };
		650F65441A1AEBA00086A68F /* MainViewController.h */ = {isa = PBXFileReference; fileEncoding = 4; lastKnownFileType = sourcecode.c.h; path = MainViewController.h; sourceTree = "<group>"; };
		650F65451A1AEBA00086A68F /* MainViewController.m */ = {isa = PBXFileReference; fileEncoding = 4; lastKnownFileType = sourcecode.c.objc; path = MainViewController.m; sourceTree = "<group>"; };
		650F65461A1AEBA00086A68F /* MainViewController.xib */ = {isa = PBXFileReference; fileEncoding = 4; lastKnownFileType = file.xib; path = MainViewController.xib; sourceTree = "<group>"; };
		650F65491A1AEBA90086A68F /* HBTabBar.h */ = {isa = PBXFileReference; fileEncoding = 4; lastKnownFileType = sourcecode.c.h; path = HBTabBar.h; sourceTree = "<group>"; };
		650F654A1A1AEBA90086A68F /* HBTabBar.m */ = {isa = PBXFileReference; fileEncoding = 4; lastKnownFileType = sourcecode.c.objc; path = HBTabBar.m; sourceTree = "<group>"; };
		650F654B1A1AEBA90086A68F /* DemoView.h */ = {isa = PBXFileReference; fileEncoding = 4; lastKnownFileType = sourcecode.c.h; path = DemoView.h; sourceTree = "<group>"; };
		650F654C1A1AEBA90086A68F /* DemoView.m */ = {isa = PBXFileReference; fileEncoding = 4; lastKnownFileType = sourcecode.c.objc; path = DemoView.m; sourceTree = "<group>"; };
		650F654D1A1AEBA90086A68F /* DemoView.xib */ = {isa = PBXFileReference; fileEncoding = 4; lastKnownFileType = file.xib; path = DemoView.xib; sourceTree = "<group>"; };
		6516EF521A241AED001747D4 /* BaseModel.h */ = {isa = PBXFileReference; fileEncoding = 4; lastKnownFileType = sourcecode.c.h; path = BaseModel.h; sourceTree = "<group>"; };
		6516EF531A241AED001747D4 /* BaseModel.m */ = {isa = PBXFileReference; fileEncoding = 4; lastKnownFileType = sourcecode.c.objc; path = BaseModel.m; sourceTree = "<group>"; };
		6516EF561A241BEA001747D4 /* CoreData.framework */ = {isa = PBXFileReference; lastKnownFileType = wrapper.framework; name = CoreData.framework; path = System/Library/Frameworks/CoreData.framework; sourceTree = SDKROOT; };
		6516EF581A241C32001747D4 /* BaseManagedObject.h */ = {isa = PBXFileReference; fileEncoding = 4; lastKnownFileType = sourcecode.c.h; path = BaseManagedObject.h; sourceTree = "<group>"; };
		6516EF591A241C32001747D4 /* BaseManagedObject.m */ = {isa = PBXFileReference; fileEncoding = 4; lastKnownFileType = sourcecode.c.objc; path = BaseManagedObject.m; sourceTree = "<group>"; };
		651D3D1D1A248F8E008F4C4F /* BookmarksViewController.h */ = {isa = PBXFileReference; fileEncoding = 4; lastKnownFileType = sourcecode.c.h; path = BookmarksViewController.h; sourceTree = "<group>"; };
		651D3D1E1A248F8E008F4C4F /* BookmarksViewController.m */ = {isa = PBXFileReference; fileEncoding = 4; lastKnownFileType = sourcecode.c.objc; path = BookmarksViewController.m; sourceTree = "<group>"; };
		651D3D1F1A248F8E008F4C4F /* BookmarksViewController.xib */ = {isa = PBXFileReference; fileEncoding = 4; lastKnownFileType = file.xib; path = BookmarksViewController.xib; sourceTree = "<group>"; };
		651D3D221A249175008F4C4F /* nobookmark.png */ = {isa = PBXFileReference; lastKnownFileType = image.png; path = nobookmark.png; sourceTree = "<group>"; };
		653C61161A26F47800AA223D /* RecruitArticleViewController.h */ = {isa = PBXFileReference; fileEncoding = 4; lastKnownFileType = sourcecode.c.h; path = RecruitArticleViewController.h; sourceTree = "<group>"; };
		653C61171A26F47800AA223D /* RecruitArticleViewController.m */ = {isa = PBXFileReference; fileEncoding = 4; lastKnownFileType = sourcecode.c.objc; path = RecruitArticleViewController.m; sourceTree = "<group>"; };
		653C61181A26F47800AA223D /* RecruitArticleViewController.xib */ = {isa = PBXFileReference; fileEncoding = 4; lastKnownFileType = file.xib; path = RecruitArticleViewController.xib; sourceTree = "<group>"; };
		653C611B1A26F6D200AA223D /* AdsModel.h */ = {isa = PBXFileReference; fileEncoding = 4; lastKnownFileType = sourcecode.c.h; path = AdsModel.h; sourceTree = "<group>"; };
		653C611C1A26F6D200AA223D /* AdsModel.m */ = {isa = PBXFileReference; fileEncoding = 4; lastKnownFileType = sourcecode.c.objc; path = AdsModel.m; sourceTree = "<group>"; };
		65B69D2A1A246EFF00943A3A /* line-1.png */ = {isa = PBXFileReference; lastKnownFileType = image.png; path = "line-1.png"; sourceTree = "<group>"; };
		65B69D2C1A24725D00943A3A /* line-space.png */ = {isa = PBXFileReference; lastKnownFileType = image.png; path = "line-space.png"; sourceTree = "<group>"; };
		65D587E51A24231E006B7106 /* bg_nav.png */ = {isa = PBXFileReference; lastKnownFileType = image.png; path = bg_nav.png; sourceTree = "<group>"; };
		65D587E61A24231E006B7106 /* bt_back_off.png */ = {isa = PBXFileReference; lastKnownFileType = image.png; path = bt_back_off.png; sourceTree = "<group>"; };
		65D587E71A24231E006B7106 /* bt_bookmark_off.png */ = {isa = PBXFileReference; lastKnownFileType = image.png; path = bt_bookmark_off.png; sourceTree = "<group>"; };
		65D587E81A24231E006B7106 /* bt_cmt_off.png */ = {isa = PBXFileReference; lastKnownFileType = image.png; path = bt_cmt_off.png; sourceTree = "<group>"; };
		65D587E91A24231E006B7106 /* bt_readmore_off.png */ = {isa = PBXFileReference; lastKnownFileType = image.png; path = bt_readmore_off.png; sourceTree = "<group>"; };
		65D587EA1A24231E006B7106 /* bt_send_off.png */ = {isa = PBXFileReference; lastKnownFileType = image.png; path = bt_send_off.png; sourceTree = "<group>"; };
		65D587EB1A24231E006B7106 /* bt_share_off.png */ = {isa = PBXFileReference; lastKnownFileType = image.png; path = bt_share_off.png; sourceTree = "<group>"; };
		65D587EC1A24231E006B7106 /* bt_title_new.png */ = {isa = PBXFileReference; lastKnownFileType = image.png; path = bt_title_new.png; sourceTree = "<group>"; };
		65D587ED1A24231E006B7106 /* comment.png */ = {isa = PBXFileReference; lastKnownFileType = image.png; path = comment.png; sourceTree = "<group>"; };
		65D587EE1A24231E006B7106 /* facebook_off.png */ = {isa = PBXFileReference; lastKnownFileType = image.png; path = facebook_off.png; sourceTree = "<group>"; };
		65D587EF1A24231E006B7106 /* ic_arrow.png */ = {isa = PBXFileReference; lastKnownFileType = image.png; path = ic_arrow.png; sourceTree = "<group>"; };
		65D587F01A24231E006B7106 /* ic_count_cmt.png */ = {isa = PBXFileReference; lastKnownFileType = image.png; path = ic_count_cmt.png; sourceTree = "<group>"; };
		65D587F11A24231E006B7106 /* ic_count_cmt2.png */ = {isa = PBXFileReference; lastKnownFileType = image.png; path = ic_count_cmt2.png; sourceTree = "<group>"; };
		65D587F21A24231E006B7106 /* ico_pr.png */ = {isa = PBXFileReference; lastKnownFileType = image.png; path = ico_pr.png; sourceTree = "<group>"; };
		65D587F31A24231E006B7106 /* ico_pr@2x.png */ = {isa = PBXFileReference; lastKnownFileType = image.png; path = "ico_pr@2x.png"; sourceTree = "<group>"; };
		65D587F41A24231E006B7106 /* ico_pr@3x.png */ = {isa = PBXFileReference; lastKnownFileType = image.png; path = "ico_pr@3x.png"; sourceTree = "<group>"; };
		65D587F51A24231E006B7106 /* image-bg-blue.png */ = {isa = PBXFileReference; lastKnownFileType = image.png; path = "image-bg-blue.png"; sourceTree = "<group>"; };
		65D587F61A24231E006B7106 /* image-bg-white.png */ = {isa = PBXFileReference; lastKnownFileType = image.png; path = "image-bg-white.png"; sourceTree = "<group>"; };
		65D587F71A24231E006B7106 /* img1.png */ = {isa = PBXFileReference; lastKnownFileType = image.png; path = img1.png; sourceTree = "<group>"; };
		65D587F81A24231E006B7106 /* img2.png */ = {isa = PBXFileReference; lastKnownFileType = image.png; path = img2.png; sourceTree = "<group>"; };
		65D587F91A24231E006B7106 /* img3.png */ = {isa = PBXFileReference; lastKnownFileType = image.png; path = img3.png; sourceTree = "<group>"; };
		65D587FA1A24231E006B7106 /* img4.png */ = {isa = PBXFileReference; lastKnownFileType = image.png; path = img4.png; sourceTree = "<group>"; };
		65D587FB1A24231E006B7106 /* img5.png */ = {isa = PBXFileReference; lastKnownFileType = image.png; path = img5.png; sourceTree = "<group>"; };
		65D587FC1A24231E006B7106 /* img7.png */ = {isa = PBXFileReference; lastKnownFileType = image.png; path = img7.png; sourceTree = "<group>"; };
		65D587FD1A24231E006B7106 /* img8.png */ = {isa = PBXFileReference; lastKnownFileType = image.png; path = img8.png; sourceTree = "<group>"; };
		65D587FE1A24231E006B7106 /* img9.png */ = {isa = PBXFileReference; lastKnownFileType = image.png; path = img9.png; sourceTree = "<group>"; };
		65D587FF1A24231E006B7106 /* twiter_off.png */ = {isa = PBXFileReference; lastKnownFileType = image.png; path = twiter_off.png; sourceTree = "<group>"; };
		65D5881C1A24239B006B7106 /* ArticleViewController.h */ = {isa = PBXFileReference; fileEncoding = 4; lastKnownFileType = sourcecode.c.h; path = ArticleViewController.h; sourceTree = "<group>"; };
		65D5881D1A24239B006B7106 /* ArticleViewController.m */ = {isa = PBXFileReference; fileEncoding = 4; lastKnownFileType = sourcecode.c.objc; path = ArticleViewController.m; sourceTree = "<group>"; };
		65D5881F1A2423B1006B7106 /* BaseViewController.h */ = {isa = PBXFileReference; fileEncoding = 4; lastKnownFileType = sourcecode.c.h; path = BaseViewController.h; sourceTree = "<group>"; };
		65D588201A2423B1006B7106 /* BaseViewController.m */ = {isa = PBXFileReference; fileEncoding = 4; lastKnownFileType = sourcecode.c.objc; path = BaseViewController.m; sourceTree = "<group>"; };
		65D588251A242446006B7106 /* ArticleModel.h */ = {isa = PBXFileReference; fileEncoding = 4; lastKnownFileType = sourcecode.c.h; path = ArticleModel.h; sourceTree = "<group>"; };
		65D588261A242446006B7106 /* ArticleModel.m */ = {isa = PBXFileReference; fileEncoding = 4; lastKnownFileType = sourcecode.c.objc; path = ArticleModel.m; sourceTree = "<group>"; };
		65D5882F1A24278D006B7106 /* TabViewController.h */ = {isa = PBXFileReference; fileEncoding = 4; lastKnownFileType = sourcecode.c.h; path = TabViewController.h; sourceTree = "<group>"; };
		65D588301A24278D006B7106 /* TabViewController.m */ = {isa = PBXFileReference; fileEncoding = 4; lastKnownFileType = sourcecode.c.objc; path = TabViewController.m; sourceTree = "<group>"; };
		65D588361A24367A006B7106 /* NormalArticleCell.h */ = {isa = PBXFileReference; fileEncoding = 4; lastKnownFileType = sourcecode.c.h; path = NormalArticleCell.h; sourceTree = "<group>"; };
		65D588371A24367A006B7106 /* NormalArticleCell.m */ = {isa = PBXFileReference; fileEncoding = 4; lastKnownFileType = sourcecode.c.objc; path = NormalArticleCell.m; sourceTree = "<group>"; };
		65D588391A24369D006B7106 /* NormalArticleCell.xib */ = {isa = PBXFileReference; fileEncoding = 4; lastKnownFileType = file.xib; path = NormalArticleCell.xib; sourceTree = "<group>"; };
		65EF61B71A1C970900E04A48 /* HomeCell.h */ = {isa = PBXFileReference; fileEncoding = 4; lastKnownFileType = sourcecode.c.h; path = HomeCell.h; sourceTree = "<group>"; };
		65EF61B81A1C970900E04A48 /* HomeCell.m */ = {isa = PBXFileReference; fileEncoding = 4; lastKnownFileType = sourcecode.c.objc; path = HomeCell.m; sourceTree = "<group>"; };
		65EF61B91A1C970900E04A48 /* HomeCell.xib */ = {isa = PBXFileReference; fileEncoding = 4; lastKnownFileType = file.xib; path = HomeCell.xib; sourceTree = "<group>"; };
		65EF61CC1A1C989C00E04A48 /* SampleModel.h */ = {isa = PBXFileReference; fileEncoding = 4; lastKnownFileType = sourcecode.c.h; path = SampleModel.h; sourceTree = "<group>"; };
		65EF61CD1A1C989C00E04A48 /* SampleModel.m */ = {isa = PBXFileReference; fileEncoding = 4; lastKnownFileType = sourcecode.c.objc; path = SampleModel.m; sourceTree = "<group>"; };
		65F1CE901A26B96D00250E29 /* img6.png */ = {isa = PBXFileReference; lastKnownFileType = image.png; path = img6.png; sourceTree = "<group>"; };
		65F1CE911A26B96D00250E29 /* next.png */ = {isa = PBXFileReference; lastKnownFileType = image.png; path = next.png; sourceTree = "<group>"; };
		65F1CE921A26B96D00250E29 /* plus.png */ = {isa = PBXFileReference; lastKnownFileType = image.png; path = plus.png; sourceTree = "<group>"; };
		65F1CE961A26B97A00250E29 /* CompanyCategoryCell.xib */ = {isa = PBXFileReference; fileEncoding = 4; lastKnownFileType = file.xib; path = CompanyCategoryCell.xib; sourceTree = "<group>"; };
		65F1CE971A26B97A00250E29 /* BaseCell.h */ = {isa = PBXFileReference; fileEncoding = 4; lastKnownFileType = sourcecode.c.h; path = BaseCell.h; sourceTree = "<group>"; };
		65F1CE981A26B97A00250E29 /* BaseCell.m */ = {isa = PBXFileReference; fileEncoding = 4; lastKnownFileType = sourcecode.c.objc; path = BaseCell.m; sourceTree = "<group>"; };
		65F1CE991A26B97A00250E29 /* CompanyCategoryCell.h */ = {isa = PBXFileReference; fileEncoding = 4; lastKnownFileType = sourcecode.c.h; path = CompanyCategoryCell.h; sourceTree = "<group>"; };
		65F1CE9A1A26B97A00250E29 /* CompanyCategoryCell.m */ = {isa = PBXFileReference; fileEncoding = 4; lastKnownFileType = sourcecode.c.objc; path = CompanyCategoryCell.m; sourceTree = "<group>"; };
		65F1CE9B1A26B97A00250E29 /* CompanyCell.h */ = {isa = PBXFileReference; fileEncoding = 4; lastKnownFileType = sourcecode.c.h; path = CompanyCell.h; sourceTree = "<group>"; };
		65F1CE9C1A26B97A00250E29 /* CompanyCell.m */ = {isa = PBXFileReference; fileEncoding = 4; lastKnownFileType = sourcecode.c.objc; path = CompanyCell.m; sourceTree = "<group>"; };
		65F1CE9D1A26B97A00250E29 /* CompanyCell.xib */ = {isa = PBXFileReference; fileEncoding = 4; lastKnownFileType = file.xib; path = CompanyCell.xib; sourceTree = "<group>"; };
		65F1CEA41A26B98200250E29 /* CustomNavigationView.h */ = {isa = PBXFileReference; fileEncoding = 4; lastKnownFileType = sourcecode.c.h; path = CustomNavigationView.h; sourceTree = "<group>"; };
		65F1CEA51A26B98200250E29 /* CustomNavigationView.m */ = {isa = PBXFileReference; fileEncoding = 4; lastKnownFileType = sourcecode.c.objc; path = CustomNavigationView.m; sourceTree = "<group>"; };
		65F1CEA61A26B98200250E29 /* CustomNavigationView.xib */ = {isa = PBXFileReference; fileEncoding = 4; lastKnownFileType = file.xib; path = CustomNavigationView.xib; sourceTree = "<group>"; };
		65F1CEA91A26B99400250E29 /* ArticleCategoryModel.h */ = {isa = PBXFileReference; fileEncoding = 4; lastKnownFileType = sourcecode.c.h; path = ArticleCategoryModel.h; sourceTree = "<group>"; };
		65F1CEAA1A26B99400250E29 /* ArticleCategoryModel.m */ = {isa = PBXFileReference; fileEncoding = 4; lastKnownFileType = sourcecode.c.objc; path = ArticleCategoryModel.m; sourceTree = "<group>"; };
		65F1CEAB1A26B99400250E29 /* CompanyCategoryModel.h */ = {isa = PBXFileReference; fileEncoding = 4; lastKnownFileType = sourcecode.c.h; path = CompanyCategoryModel.h; sourceTree = "<group>"; };
		65F1CEAC1A26B99400250E29 /* CompanyCategoryModel.m */ = {isa = PBXFileReference; fileEncoding = 4; lastKnownFileType = sourcecode.c.objc; path = CompanyCategoryModel.m; sourceTree = "<group>"; };
		65F1CEAD1A26B99400250E29 /* CompanyModel.h */ = {isa = PBXFileReference; fileEncoding = 4; lastKnownFileType = sourcecode.c.h; path = CompanyModel.h; sourceTree = "<group>"; };
		65F1CEAE1A26B99400250E29 /* CompanyModel.m */ = {isa = PBXFileReference; fileEncoding = 4; lastKnownFileType = sourcecode.c.objc; path = CompanyModel.m; sourceTree = "<group>"; };
		65F1CEB31A26B99E00250E29 /* ListCompanyCategoryViewController.h */ = {isa = PBXFileReference; fileEncoding = 4; lastKnownFileType = sourcecode.c.h; path = ListCompanyCategoryViewController.h; sourceTree = "<group>"; };
		65F1CEB41A26B99E00250E29 /* ListCompanyCategoryViewController.m */ = {isa = PBXFileReference; fileEncoding = 4; lastKnownFileType = sourcecode.c.objc; path = ListCompanyCategoryViewController.m; sourceTree = "<group>"; };
		65F1CEB51A26B99E00250E29 /* ListCompanyCategoryViewController.xib */ = {isa = PBXFileReference; fileEncoding = 4; lastKnownFileType = file.xib; path = ListCompanyCategoryViewController.xib; sourceTree = "<group>"; };
		65F1CEB61A26B99E00250E29 /* ListCompanyInfoViewController.h */ = {isa = PBXFileReference; fileEncoding = 4; lastKnownFileType = sourcecode.c.h; path = ListCompanyInfoViewController.h; sourceTree = "<group>"; };
		65F1CEB71A26B99E00250E29 /* ListCompanyInfoViewController.m */ = {isa = PBXFileReference; fileEncoding = 4; lastKnownFileType = sourcecode.c.objc; path = ListCompanyInfoViewController.m; sourceTree = "<group>"; };
		65F1CEB81A26B99E00250E29 /* ListCompanyInfoViewController.xib */ = {isa = PBXFileReference; fileEncoding = 4; lastKnownFileType = file.xib; path = ListCompanyInfoViewController.xib; sourceTree = "<group>"; };
		65F1CEB91A26B99E00250E29 /* ListCompanyViewController.h */ = {isa = PBXFileReference; fileEncoding = 4; lastKnownFileType = sourcecode.c.h; path = ListCompanyViewController.h; sourceTree = "<group>"; };
		65F1CEBA1A26B99E00250E29 /* ListCompanyViewController.m */ = {isa = PBXFileReference; fileEncoding = 4; lastKnownFileType = sourcecode.c.objc; path = ListCompanyViewController.m; sourceTree = "<group>"; };
		65F1CEBB1A26B99E00250E29 /* ListCompanyViewController.xib */ = {isa = PBXFileReference; fileEncoding = 4; lastKnownFileType = file.xib; path = ListCompanyViewController.xib; sourceTree = "<group>"; };
		65F1CEC21A26BCD400250E29 /* language.json */ = {isa = PBXFileReference; fileEncoding = 4; lastKnownFileType = text.json; path = language.json; sourceTree = "<group>"; };
		65F1CEC41A26C1AE00250E29 /* BookmarkCompanyCell.h */ = {isa = PBXFileReference; fileEncoding = 4; lastKnownFileType = sourcecode.c.h; path = BookmarkCompanyCell.h; sourceTree = "<group>"; };
		65F1CEC51A26C1AE00250E29 /* BookmarkCompanyCell.m */ = {isa = PBXFileReference; fileEncoding = 4; lastKnownFileType = sourcecode.c.objc; path = BookmarkCompanyCell.m; sourceTree = "<group>"; };
		65F1CEC71A26C1CE00250E29 /* BookmarkCompanyCell.xib */ = {isa = PBXFileReference; fileEncoding = 4; lastKnownFileType = file.xib; path = BookmarkCompanyCell.xib; sourceTree = "<group>"; };
		65F1CEC91A26E0F900250E29 /* search.png */ = {isa = PBXFileReference; lastKnownFileType = image.png; path = search.png; sourceTree = "<group>"; };
		65F1CECB1A26E1FD00250E29 /* RecruitArticleCell.h */ = {isa = PBXFileReference; fileEncoding = 4; lastKnownFileType = sourcecode.c.h; path = RecruitArticleCell.h; sourceTree = "<group>"; };
		65F1CECC1A26E1FD00250E29 /* RecruitArticleCell.m */ = {isa = PBXFileReference; fileEncoding = 4; lastKnownFileType = sourcecode.c.objc; path = RecruitArticleCell.m; sourceTree = "<group>"; };
		65F1CECE1A26E21400250E29 /* AdvertiseArticleCell.h */ = {isa = PBXFileReference; fileEncoding = 4; lastKnownFileType = sourcecode.c.h; path = AdvertiseArticleCell.h; sourceTree = "<group>"; };
		65F1CECF1A26E21400250E29 /* AdvertiseArticleCell.m */ = {isa = PBXFileReference; fileEncoding = 4; lastKnownFileType = sourcecode.c.objc; path = AdvertiseArticleCell.m; sourceTree = "<group>"; };
		65F1CED11A26E22500250E29 /* RecruitArticleCell.xib */ = {isa = PBXFileReference; fileEncoding = 4; lastKnownFileType = file.xib; path = RecruitArticleCell.xib; sourceTree = "<group>"; };
		65F1CED31A26E23800250E29 /* AdvertiseArticleCell.xib */ = {isa = PBXFileReference; fileEncoding = 4; lastKnownFileType = file.xib; path = AdvertiseArticleCell.xib; sourceTree = "<group>"; };
		65F1CED51A26EFC000250E29 /* RecruitArticleModel.h */ = {isa = PBXFileReference; fileEncoding = 4; lastKnownFileType = sourcecode.c.h; path = RecruitArticleModel.h; sourceTree = "<group>"; };
		65F1CED61A26EFC000250E29 /* RecruitArticleModel.m */ = {isa = PBXFileReference; fileEncoding = 4; lastKnownFileType = sourcecode.c.objc; path = RecruitArticleModel.m; sourceTree = "<group>"; };
		A7A0B301179B5A74B0B7C01C /* Pods.release.xcconfig */ = {isa = PBXFileReference; includeInIndex = 1; lastKnownFileType = text.xcconfig; name = Pods.release.xcconfig; path = "Pods/Target Support Files/Pods/Pods.release.xcconfig"; sourceTree = "<group>"; };
		C8CC2EA21B66103075D4733F /* Pods.debug.xcconfig */ = {isa = PBXFileReference; includeInIndex = 1; lastKnownFileType = text.xcconfig; name = Pods.debug.xcconfig; path = "Pods/Target Support Files/Pods/Pods.debug.xcconfig"; sourceTree = "<group>"; };
		DB105BBD1A24E770007669D5 /* RecruitDetailViewController.h */ = {isa = PBXFileReference; fileEncoding = 4; lastKnownFileType = sourcecode.c.h; path = RecruitDetailViewController.h; sourceTree = "<group>"; };
		DB105BBE1A24E770007669D5 /* RecruitDetailViewController.m */ = {isa = PBXFileReference; fileEncoding = 4; lastKnownFileType = sourcecode.c.objc; path = RecruitDetailViewController.m; sourceTree = "<group>"; };
		DB105BBF1A24E770007669D5 /* RecruitDetailViewController.xib */ = {isa = PBXFileReference; fileEncoding = 4; lastKnownFileType = file.xib; path = RecruitDetailViewController.xib; sourceTree = "<group>"; };
		DB105BC21A24E9F1007669D5 /* company_logo.png */ = {isa = PBXFileReference; lastKnownFileType = image.png; path = company_logo.png; sourceTree = "<group>"; };
		DB105BC41A24FC0A007669D5 /* bt_bookmark_bkg.png */ = {isa = PBXFileReference; lastKnownFileType = image.png; path = bt_bookmark_bkg.png; sourceTree = "<group>"; };
		DB105BC51A24FC0A007669D5 /* bt_link_page_bgk.png */ = {isa = PBXFileReference; lastKnownFileType = image.png; path = bt_link_page_bgk.png; sourceTree = "<group>"; };
		DB105BC61A24FC0A007669D5 /* bt_relative_info_bkg.png */ = {isa = PBXFileReference; lastKnownFileType = image.png; path = bt_relative_info_bkg.png; sourceTree = "<group>"; };
		DB105BC71A24FC0A007669D5 /* temp2.png */ = {isa = PBXFileReference; lastKnownFileType = image.png; path = temp2.png; sourceTree = "<group>"; };
		DB105BCC1A24FE3C007669D5 /* CommentCell.h */ = {isa = PBXFileReference; fileEncoding = 4; lastKnownFileType = sourcecode.c.h; path = CommentCell.h; sourceTree = "<group>"; };
		DB105BCD1A24FE3C007669D5 /* CommentCell.m */ = {isa = PBXFileReference; fileEncoding = 4; lastKnownFileType = sourcecode.c.objc; path = CommentCell.m; sourceTree = "<group>"; };
		DB105BCE1A24FE3C007669D5 /* CommentCell.xib */ = {isa = PBXFileReference; fileEncoding = 4; lastKnownFileType = file.xib; path = CommentCell.xib; sourceTree = "<group>"; };
		DB105BD11A2504E6007669D5 /* bt_back_recruit_detail.png */ = {isa = PBXFileReference; lastKnownFileType = image.png; path = bt_back_recruit_detail.png; sourceTree = "<group>"; };
		DB105BD21A2504E6007669D5 /* bt_collapse_bkg.png */ = {isa = PBXFileReference; lastKnownFileType = image.png; path = bt_collapse_bkg.png; sourceTree = "<group>"; };
		DB105BD31A2504E6007669D5 /* bt_dislike_bkg.png */ = {isa = PBXFileReference; lastKnownFileType = image.png; path = bt_dislike_bkg.png; sourceTree = "<group>"; };
		DB105BD41A2504E6007669D5 /* bt_expand_bkg.png */ = {isa = PBXFileReference; lastKnownFileType = image.png; path = bt_expand_bkg.png; sourceTree = "<group>"; };
		DB105BD51A2504E6007669D5 /* bt_like_bkg.png */ = {isa = PBXFileReference; lastKnownFileType = image.png; path = bt_like_bkg.png; sourceTree = "<group>"; };
		DB105BD61A2504E6007669D5 /* icon_post_comment.png */ = {isa = PBXFileReference; lastKnownFileType = image.png; path = icon_post_comment.png; sourceTree = "<group>"; };
		DB105BD71A2504E6007669D5 /* icon_reply.png */ = {isa = PBXFileReference; lastKnownFileType = image.png; path = icon_reply.png; sourceTree = "<group>"; };
		DB105BD81A2504E6007669D5 /* icon_share_recruit.png */ = {isa = PBXFileReference; lastKnownFileType = image.png; path = icon_share_recruit.png; sourceTree = "<group>"; };
		DB105BD91A2504E6007669D5 /* num_comment_bkg.png */ = {isa = PBXFileReference; lastKnownFileType = image.png; path = num_comment_bkg.png; sourceTree = "<group>"; };
		DB4D860B1A262673008E8429 /* WebDetailViewController.h */ = {isa = PBXFileReference; fileEncoding = 4; lastKnownFileType = sourcecode.c.h; path = WebDetailViewController.h; sourceTree = "<group>"; };
		DB4D860C1A262673008E8429 /* WebDetailViewController.m */ = {isa = PBXFileReference; fileEncoding = 4; lastKnownFileType = sourcecode.c.objc; path = WebDetailViewController.m; sourceTree = "<group>"; };
		DB4D860D1A262673008E8429 /* WebDetailViewController.xib */ = {isa = PBXFileReference; fileEncoding = 4; lastKnownFileType = file.xib; path = WebDetailViewController.xib; sourceTree = "<group>"; };
		DB4D86101A262FF9008E8429 /* bt_back_webdetail.png */ = {isa = PBXFileReference; lastKnownFileType = image.png; path = bt_back_webdetail.png; sourceTree = "<group>"; };
		DB4D86111A262FF9008E8429 /* temp3.png */ = {isa = PBXFileReference; lastKnownFileType = image.png; path = temp3.png; sourceTree = "<group>"; };
		DB4D86151A263974008E8429 /* APIRequestManager.h */ = {isa = PBXFileReference; fileEncoding = 4; lastKnownFileType = sourcecode.c.h; path = APIRequestManager.h; sourceTree = "<group>"; };
		DB4D86161A263974008E8429 /* APIRequestManager.m */ = {isa = PBXFileReference; fileEncoding = 4; lastKnownFileType = sourcecode.c.objc; path = APIRequestManager.m; sourceTree = "<group>"; };
		DB4D86171A263974008E8429 /* Define.h */ = {isa = PBXFileReference; fileEncoding = 4; lastKnownFileType = sourcecode.c.h; path = Define.h; sourceTree = "<group>"; };
		DB4D86181A263974008E8429 /* HBMacros.h */ = {isa = PBXFileReference; fileEncoding = 4; lastKnownFileType = sourcecode.c.h; path = HBMacros.h; sourceTree = "<group>"; };
		DB4D86191A263974008E8429 /* HBMacros.m */ = {isa = PBXFileReference; fileEncoding = 4; lastKnownFileType = sourcecode.c.objc; path = HBMacros.m; sourceTree = "<group>"; };
		DB4D861A1A263974008E8429 /* Utils.h */ = {isa = PBXFileReference; fileEncoding = 4; lastKnownFileType = sourcecode.c.h; path = Utils.h; sourceTree = "<group>"; };
		DB4D861B1A263974008E8429 /* Utils.m */ = {isa = PBXFileReference; fileEncoding = 4; lastKnownFileType = sourcecode.c.objc; path = Utils.m; sourceTree = "<group>"; };
		DB4D86201A263A27008E8429 /* blueArrow.png */ = {isa = PBXFileReference; lastKnownFileType = image.png; path = blueArrow.png; sourceTree = "<group>"; };
		DB4D86211A263A27008E8429 /* blueArrow@2x.png */ = {isa = PBXFileReference; lastKnownFileType = image.png; path = "blueArrow@2x.png"; sourceTree = "<group>"; };
		DB4D86221A263A27008E8429 /* blueArrow_flip.png */ = {isa = PBXFileReference; lastKnownFileType = image.png; path = blueArrow_flip.png; sourceTree = "<group>"; };
		DB4D86231A263A27008E8429 /* blueArrow_flip@2x.png */ = {isa = PBXFileReference; lastKnownFileType = image.png; path = "blueArrow_flip@2x.png"; sourceTree = "<group>"; };
		DB4D86241A263A27008E8429 /* MNMBottomPullToRefreshManager.h */ = {isa = PBXFileReference; fileEncoding = 4; lastKnownFileType = sourcecode.c.h; path = MNMBottomPullToRefreshManager.h; sourceTree = "<group>"; };
		DB4D86251A263A27008E8429 /* MNMBottomPullToRefreshManager.m */ = {isa = PBXFileReference; fileEncoding = 4; lastKnownFileType = sourcecode.c.objc; path = MNMBottomPullToRefreshManager.m; sourceTree = "<group>"; };
		DB4D86261A263A27008E8429 /* MNMBottomPullToRefreshView.h */ = {isa = PBXFileReference; fileEncoding = 4; lastKnownFileType = sourcecode.c.h; path = MNMBottomPullToRefreshView.h; sourceTree = "<group>"; };
		DB4D86271A263A27008E8429 /* MNMBottomPullToRefreshView.m */ = {isa = PBXFileReference; fileEncoding = 4; lastKnownFileType = sourcecode.c.objc; path = MNMBottomPullToRefreshView.m; sourceTree = "<group>"; };
		DB4D86291A263A27008E8429 /* SVPullToRefresh.h */ = {isa = PBXFileReference; fileEncoding = 4; lastKnownFileType = sourcecode.c.h; path = SVPullToRefresh.h; sourceTree = "<group>"; };
		DB4D862A1A263A27008E8429 /* UIScrollView+SVInfiniteScrolling.h */ = {isa = PBXFileReference; fileEncoding = 4; lastKnownFileType = sourcecode.c.h; path = "UIScrollView+SVInfiniteScrolling.h"; sourceTree = "<group>"; };
		DB4D862B1A263A27008E8429 /* UIScrollView+SVInfiniteScrolling.m */ = {isa = PBXFileReference; fileEncoding = 4; lastKnownFileType = sourcecode.c.objc; path = "UIScrollView+SVInfiniteScrolling.m"; sourceTree = "<group>"; };
		DB4D862C1A263A27008E8429 /* UIScrollView+SVPullToRefresh.h */ = {isa = PBXFileReference; fileEncoding = 4; lastKnownFileType = sourcecode.c.h; path = "UIScrollView+SVPullToRefresh.h"; sourceTree = "<group>"; };
		DB4D862D1A263A27008E8429 /* UIScrollView+SVPullToRefresh.m */ = {isa = PBXFileReference; fileEncoding = 4; lastKnownFileType = sourcecode.c.objc; path = "UIScrollView+SVPullToRefresh.m"; sourceTree = "<group>"; };
		DB4D86371A264DF1008E8429 /* CommentModel.h */ = {isa = PBXFileReference; fileEncoding = 4; lastKnownFileType = sourcecode.c.h; path = CommentModel.h; sourceTree = "<group>"; };
		DB4D86381A264DF1008E8429 /* CommentModel.m */ = {isa = PBXFileReference; fileEncoding = 4; lastKnownFileType = sourcecode.c.objc; path = CommentModel.m; sourceTree = "<group>"; };
		DB8709CF1A1CDB4D0009E6F0 /* SettingsView.h */ = {isa = PBXFileReference; fileEncoding = 4; lastKnownFileType = sourcecode.c.h; path = SettingsView.h; sourceTree = "<group>"; };
		DB8709D01A1CDB4D0009E6F0 /* SettingsView.m */ = {isa = PBXFileReference; fileEncoding = 4; lastKnownFileType = sourcecode.c.objc; path = SettingsView.m; sourceTree = "<group>"; };
		DB8709D21A1CDB750009E6F0 /* SettingsView.xib */ = {isa = PBXFileReference; fileEncoding = 4; lastKnownFileType = file.xib; path = SettingsView.xib; sourceTree = "<group>"; };
		DB8709D41A1CE5640009E6F0 /* DemoDetailViewController.h */ = {isa = PBXFileReference; fileEncoding = 4; lastKnownFileType = sourcecode.c.h; path = DemoDetailViewController.h; sourceTree = "<group>"; };
		DB8709D51A1CE5640009E6F0 /* DemoDetailViewController.m */ = {isa = PBXFileReference; fileEncoding = 4; lastKnownFileType = sourcecode.c.objc; path = DemoDetailViewController.m; sourceTree = "<group>"; };
		DB8709D61A1CE5640009E6F0 /* DemoDetailViewController.xib */ = {isa = PBXFileReference; fileEncoding = 4; lastKnownFileType = file.xib; path = DemoDetailViewController.xib; sourceTree = "<group>"; };
		DB8CAF231A275C97002E2A2A /* ShareSocial.h */ = {isa = PBXFileReference; fileEncoding = 4; lastKnownFileType = sourcecode.c.h; path = ShareSocial.h; sourceTree = "<group>"; };
		DB8CAF241A275C97002E2A2A /* ShareSocial.m */ = {isa = PBXFileReference; fileEncoding = 4; lastKnownFileType = sourcecode.c.objc; path = ShareSocial.m; sourceTree = "<group>"; };
		DB8CAF261A276E75002E2A2A /* Social.framework */ = {isa = PBXFileReference; lastKnownFileType = wrapper.framework; name = Social.framework; path = System/Library/Frameworks/Social.framework; sourceTree = SDKROOT; };
		DB8CAF281A279413002E2A2A /* CommentInputTextCell.h */ = {isa = PBXFileReference; fileEncoding = 4; lastKnownFileType = sourcecode.c.h; path = CommentInputTextCell.h; sourceTree = "<group>"; };
		DB8CAF291A279413002E2A2A /* CommentInputTextCell.m */ = {isa = PBXFileReference; fileEncoding = 4; lastKnownFileType = sourcecode.c.objc; path = CommentInputTextCell.m; sourceTree = "<group>"; };
		DB8CAF2A1A279413002E2A2A /* CommentInputTextCell.xib */ = {isa = PBXFileReference; fileEncoding = 4; lastKnownFileType = file.xib; path = CommentInputTextCell.xib; sourceTree = "<group>"; };
		F6E515511A288714003B6205 /* HPGrowingTextView.h */ = {isa = PBXFileReference; fileEncoding = 4; lastKnownFileType = sourcecode.c.h; path = HPGrowingTextView.h; sourceTree = "<group>"; };
		F6E515521A288714003B6205 /* HPGrowingTextView.m */ = {isa = PBXFileReference; fileEncoding = 4; lastKnownFileType = sourcecode.c.objc; path = HPGrowingTextView.m; sourceTree = "<group>"; };
		F6E515531A288714003B6205 /* HPTextViewInternal.h */ = {isa = PBXFileReference; fileEncoding = 4; lastKnownFileType = sourcecode.c.h; path = HPTextViewInternal.h; sourceTree = "<group>"; };
		F6E515541A288714003B6205 /* HPTextViewInternal.m */ = {isa = PBXFileReference; fileEncoding = 4; lastKnownFileType = sourcecode.c.objc; path = HPTextViewInternal.m; sourceTree = "<group>"; };
		F6E515571A288845003B6205 /* InputCommentView.h */ = {isa = PBXFileReference; fileEncoding = 4; lastKnownFileType = sourcecode.c.h; path = InputCommentView.h; sourceTree = "<group>"; };
		F6E515581A288845003B6205 /* InputCommentView.m */ = {isa = PBXFileReference; fileEncoding = 4; lastKnownFileType = sourcecode.c.objc; path = InputCommentView.m; sourceTree = "<group>"; };
		F6E5155A1A28885A003B6205 /* InputCommentView.xib */ = {isa = PBXFileReference; fileEncoding = 4; lastKnownFileType = file.xib; path = InputCommentView.xib; sourceTree = "<group>"; };
/* End PBXFileReference section */

/* Begin PBXFrameworksBuildPhase section */
		650F650B1A1AEB6E0086A68F /* Frameworks */ = {
			isa = PBXFrameworksBuildPhase;
			buildActionMask = 2147483647;
			files = (
				DB8CAF271A276E75002E2A2A /* Social.framework in Frameworks */,
				6516EF571A241BEA001747D4 /* CoreData.framework in Frameworks */,
				650F65141A1AEB6E0086A68F /* CoreGraphics.framework in Frameworks */,
				650F65161A1AEB6E0086A68F /* UIKit.framework in Frameworks */,
				650F65121A1AEB6E0086A68F /* Foundation.framework in Frameworks */,
				32B4080CDD2C9FCFC5F43C82 /* libPods.a in Frameworks */,
			);
			runOnlyForDeploymentPostprocessing = 0;
		};
/* End PBXFrameworksBuildPhase section */

/* Begin PBXGroup section */
		18DC8A911A240CAD00AD2637 /* 02_Resources */ = {
			isa = PBXGroup;
			children = (
				65D587E41A24231E006B7106 /* Images */,
				18DC8A941A240CEA00AD2637 /* Interfaces */,
				65F1CEC21A26BCD400250E29 /* language.json */,
			);
			path = 02_Resources;
			sourceTree = "<group>";
		};
		18DC8A941A240CEA00AD2637 /* Interfaces */ = {
			isa = PBXGroup;
			children = (
				65F1CEA31A26B98200250E29 /* Views */,
				65D588321A2435FA006B7106 /* Cells */,
				18DC8A951A240CF700AD2637 /* Main.storyboard */,
			);
			path = Interfaces;
			sourceTree = "<group>";
		};
		650F65051A1AEB6E0086A68F = {
			isa = PBXGroup;
			children = (
				650F65171A1AEB6E0086A68F /* Giga */,
				650F65101A1AEB6E0086A68F /* Frameworks */,
				650F650F1A1AEB6E0086A68F /* Products */,
				81E97945360DF45BCF4A186D /* Pods */,
			);
			sourceTree = "<group>";
		};
		650F650F1A1AEB6E0086A68F /* Products */ = {
			isa = PBXGroup;
			children = (
				650F650E1A1AEB6E0086A68F /* Giga.app */,
			);
			name = Products;
			sourceTree = "<group>";
		};
		650F65101A1AEB6E0086A68F /* Frameworks */ = {
			isa = PBXGroup;
			children = (
				DB8CAF261A276E75002E2A2A /* Social.framework */,
				6516EF561A241BEA001747D4 /* CoreData.framework */,
				650F65111A1AEB6E0086A68F /* Foundation.framework */,
				650F65131A1AEB6E0086A68F /* CoreGraphics.framework */,
				650F65151A1AEB6E0086A68F /* UIKit.framework */,
				650F652A1A1AEB6E0086A68F /* XCTest.framework */,
				241BCB908804591C1877DAD1 /* libPods.a */,
			);
			name = Frameworks;
			sourceTree = "<group>";
		};
		650F65171A1AEB6E0086A68F /* Giga */ = {
			isa = PBXGroup;
			children = (
				DB4D86141A263974008E8429 /* 05_Utilities */,
				65D5881B1A242383006B7106 /* 04_Controllers */,
				6516EF501A241AD0001747D4 /* 01_Classes */,
				6516EF2C1A241A13001747D4 /* 03_Vendors */,
				18DC8A911A240CAD00AD2637 /* 02_Resources */,
				65EF61CC1A1C989C00E04A48 /* SampleModel.h */,
				65EF61CD1A1C989C00E04A48 /* SampleModel.m */,
				65EF61B71A1C970900E04A48 /* HomeCell.h */,
				65EF61B81A1C970900E04A48 /* HomeCell.m */,
				65EF61B91A1C970900E04A48 /* HomeCell.xib */,
				650F65441A1AEBA00086A68F /* MainViewController.h */,
				650F65451A1AEBA00086A68F /* MainViewController.m */,
				650F65461A1AEBA00086A68F /* MainViewController.xib */,
				650F65201A1AEB6E0086A68F /* AppDelegate.h */,
				650F65211A1AEB6E0086A68F /* AppDelegate.m */,
				650F65491A1AEBA90086A68F /* HBTabBar.h */,
				650F654A1A1AEBA90086A68F /* HBTabBar.m */,
				650F654B1A1AEBA90086A68F /* DemoView.h */,
				650F654C1A1AEBA90086A68F /* DemoView.m */,
				650F654D1A1AEBA90086A68F /* DemoView.xib */,
				650F65231A1AEB6E0086A68F /* Images.xcassets */,
				650F65181A1AEB6E0086A68F /* Supporting Files */,
				DB8709CF1A1CDB4D0009E6F0 /* SettingsView.h */,
				DB8709D01A1CDB4D0009E6F0 /* SettingsView.m */,
				DB8709D21A1CDB750009E6F0 /* SettingsView.xib */,
				DB8709D41A1CE5640009E6F0 /* DemoDetailViewController.h */,
				DB8709D51A1CE5640009E6F0 /* DemoDetailViewController.m */,
				DB8709D61A1CE5640009E6F0 /* DemoDetailViewController.xib */,
			);
			path = Giga;
			sourceTree = "<group>";
		};
		650F65181A1AEB6E0086A68F /* Supporting Files */ = {
			isa = PBXGroup;
			children = (
				650F65191A1AEB6E0086A68F /* Giga-Info.plist */,
				650F651A1A1AEB6E0086A68F /* InfoPlist.strings */,
				650F651D1A1AEB6E0086A68F /* main.m */,
				650F651F1A1AEB6E0086A68F /* Giga-Prefix.pch */,
			);
			name = "Supporting Files";
			sourceTree = "<group>";
		};
		6516EF2C1A241A13001747D4 /* 03_Vendors */ = {
			isa = PBXGroup;
			children = (
				F6E515501A288707003B6205 /* HPGrowingTextView */,
				DB4D861F1A263A27008E8429 /* MNMBottomPullToRefresh */,
				DB4D86281A263A27008E8429 /* SVPullToRefresh */,
			);
			path = 03_Vendors;
			sourceTree = "<group>";
		};
		6516EF501A241AD0001747D4 /* 01_Classes */ = {
			isa = PBXGroup;
			children = (
				DB4D86361A264D73008E8429 /* Objects */,
				6516EF551A241BD8001747D4 /* ManagedObjects */,
				6516EF511A241ADB001747D4 /* Models */,
			);
			path = 01_Classes;
			sourceTree = "<group>";
		};
		6516EF511A241ADB001747D4 /* Models */ = {
			isa = PBXGroup;
			children = (
				65F1CEA91A26B99400250E29 /* ArticleCategoryModel.h */,
				65F1CEAA1A26B99400250E29 /* ArticleCategoryModel.m */,
				65F1CEAB1A26B99400250E29 /* CompanyCategoryModel.h */,
				65F1CEAC1A26B99400250E29 /* CompanyCategoryModel.m */,
				65F1CEAD1A26B99400250E29 /* CompanyModel.h */,
				65F1CEAE1A26B99400250E29 /* CompanyModel.m */,
				6516EF521A241AED001747D4 /* BaseModel.h */,
				6516EF531A241AED001747D4 /* BaseModel.m */,
				65D588251A242446006B7106 /* ArticleModel.h */,
				65D588261A242446006B7106 /* ArticleModel.m */,
				65F1CED51A26EFC000250E29 /* RecruitArticleModel.h */,
				65F1CED61A26EFC000250E29 /* RecruitArticleModel.m */,
				653C611B1A26F6D200AA223D /* AdsModel.h */,
				653C611C1A26F6D200AA223D /* AdsModel.m */,
			);
			path = Models;
			sourceTree = "<group>";
		};
		6516EF551A241BD8001747D4 /* ManagedObjects */ = {
			isa = PBXGroup;
			children = (
				6516EF581A241C32001747D4 /* BaseManagedObject.h */,
				6516EF591A241C32001747D4 /* BaseManagedObject.m */,
			);
			path = ManagedObjects;
			sourceTree = "<group>";
		};
		65D587E41A24231E006B7106 /* Images */ = {
			isa = PBXGroup;
			children = (
				65F1CEC91A26E0F900250E29 /* search.png */,
				65F1CE901A26B96D00250E29 /* img6.png */,
				65F1CE911A26B96D00250E29 /* next.png */,
				65F1CE921A26B96D00250E29 /* plus.png */,
				DB4D86101A262FF9008E8429 /* bt_back_webdetail.png */,
				DB4D86111A262FF9008E8429 /* temp3.png */,
				DB105BC41A24FC0A007669D5 /* bt_bookmark_bkg.png */,
				DB105BD11A2504E6007669D5 /* bt_back_recruit_detail.png */,
				DB105BD21A2504E6007669D5 /* bt_collapse_bkg.png */,
				DB105BD31A2504E6007669D5 /* bt_dislike_bkg.png */,
				DB105BD41A2504E6007669D5 /* bt_expand_bkg.png */,
				DB105BD51A2504E6007669D5 /* bt_like_bkg.png */,
				DB105BD61A2504E6007669D5 /* icon_post_comment.png */,
				DB105BD71A2504E6007669D5 /* icon_reply.png */,
				DB105BD81A2504E6007669D5 /* icon_share_recruit.png */,
				DB105BD91A2504E6007669D5 /* num_comment_bkg.png */,
				DB105BC51A24FC0A007669D5 /* bt_link_page_bgk.png */,
				DB105BC61A24FC0A007669D5 /* bt_relative_info_bkg.png */,
				DB105BC71A24FC0A007669D5 /* temp2.png */,
				DB105BC21A24E9F1007669D5 /* company_logo.png */,
				651D3D221A249175008F4C4F /* nobookmark.png */,
				65B69D2C1A24725D00943A3A /* line-space.png */,
				65B69D2A1A246EFF00943A3A /* line-1.png */,
				65D587E51A24231E006B7106 /* bg_nav.png */,
				65D587E61A24231E006B7106 /* bt_back_off.png */,
				65D587E71A24231E006B7106 /* bt_bookmark_off.png */,
				65D587E81A24231E006B7106 /* bt_cmt_off.png */,
				65D587E91A24231E006B7106 /* bt_readmore_off.png */,
				65D587EA1A24231E006B7106 /* bt_send_off.png */,
				65D587EB1A24231E006B7106 /* bt_share_off.png */,
				65D587EC1A24231E006B7106 /* bt_title_new.png */,
				65D587ED1A24231E006B7106 /* comment.png */,
				65D587EE1A24231E006B7106 /* facebook_off.png */,
				65D587EF1A24231E006B7106 /* ic_arrow.png */,
				65D587F01A24231E006B7106 /* ic_count_cmt.png */,
				65D587F11A24231E006B7106 /* ic_count_cmt2.png */,
				65D587F21A24231E006B7106 /* ico_pr.png */,
				65D587F31A24231E006B7106 /* ico_pr@2x.png */,
				65D587F41A24231E006B7106 /* ico_pr@3x.png */,
				65D587F51A24231E006B7106 /* image-bg-blue.png */,
				65D587F61A24231E006B7106 /* image-bg-white.png */,
				65D587F71A24231E006B7106 /* img1.png */,
				65D587F81A24231E006B7106 /* img2.png */,
				65D587F91A24231E006B7106 /* img3.png */,
				65D587FA1A24231E006B7106 /* img4.png */,
				65D587FB1A24231E006B7106 /* img5.png */,
				65D587FC1A24231E006B7106 /* img7.png */,
				65D587FD1A24231E006B7106 /* img8.png */,
				65D587FE1A24231E006B7106 /* img9.png */,
				65D587FF1A24231E006B7106 /* twiter_off.png */,
			);
			path = Images;
			sourceTree = "<group>";
		};
		65D5881B1A242383006B7106 /* 04_Controllers */ = {
			isa = PBXGroup;
			children = (
				65F1CEB21A26B99E00250E29 /* Company Infor */,
				65D5881C1A24239B006B7106 /* ArticleViewController.h */,
				65D5881D1A24239B006B7106 /* ArticleViewController.m */,
				65D5881F1A2423B1006B7106 /* BaseViewController.h */,
				65D588201A2423B1006B7106 /* BaseViewController.m */,
				65D5882F1A24278D006B7106 /* TabViewController.h */,
				65D588301A24278D006B7106 /* TabViewController.m */,
				651D3D1D1A248F8E008F4C4F /* BookmarksViewController.h */,
				651D3D1E1A248F8E008F4C4F /* BookmarksViewController.m */,
				651D3D1F1A248F8E008F4C4F /* BookmarksViewController.xib */,
				DB105BBD1A24E770007669D5 /* RecruitDetailViewController.h */,
				DB105BBE1A24E770007669D5 /* RecruitDetailViewController.m */,
				DB105BBF1A24E770007669D5 /* RecruitDetailViewController.xib */,
				DB4D860B1A262673008E8429 /* WebDetailViewController.h */,
				DB4D860C1A262673008E8429 /* WebDetailViewController.m */,
				DB4D860D1A262673008E8429 /* WebDetailViewController.xib */,
				653C61161A26F47800AA223D /* RecruitArticleViewController.h */,
				653C61171A26F47800AA223D /* RecruitArticleViewController.m */,
				653C61181A26F47800AA223D /* RecruitArticleViewController.xib */,
			);
			path = 04_Controllers;
			sourceTree = "<group>";
		};
		65D588321A2435FA006B7106 /* Cells */ = {
			isa = PBXGroup;
			children = (
				65F1CE971A26B97A00250E29 /* BaseCell.h */,
				65F1CE981A26B97A00250E29 /* BaseCell.m */,
				65F1CE991A26B97A00250E29 /* CompanyCategoryCell.h */,
				65F1CE9A1A26B97A00250E29 /* CompanyCategoryCell.m */,
				65F1CE961A26B97A00250E29 /* CompanyCategoryCell.xib */,
				65F1CE9B1A26B97A00250E29 /* CompanyCell.h */,
				65F1CE9C1A26B97A00250E29 /* CompanyCell.m */,
				65F1CE9D1A26B97A00250E29 /* CompanyCell.xib */,
				65D588361A24367A006B7106 /* NormalArticleCell.h */,
				65D588371A24367A006B7106 /* NormalArticleCell.m */,
				65D588391A24369D006B7106 /* NormalArticleCell.xib */,
				DB105BCC1A24FE3C007669D5 /* CommentCell.h */,
				DB105BCD1A24FE3C007669D5 /* CommentCell.m */,
				DB105BCE1A24FE3C007669D5 /* CommentCell.xib */,
				DB8CAF281A279413002E2A2A /* CommentInputTextCell.h */,
				DB8CAF291A279413002E2A2A /* CommentInputTextCell.m */,
				DB8CAF2A1A279413002E2A2A /* CommentInputTextCell.xib */,
				65F1CEC41A26C1AE00250E29 /* BookmarkCompanyCell.h */,
				65F1CEC51A26C1AE00250E29 /* BookmarkCompanyCell.m */,
				65F1CEC71A26C1CE00250E29 /* BookmarkCompanyCell.xib */,
				65F1CECB1A26E1FD00250E29 /* RecruitArticleCell.h */,
				65F1CECC1A26E1FD00250E29 /* RecruitArticleCell.m */,
				65F1CED11A26E22500250E29 /* RecruitArticleCell.xib */,
				65F1CECE1A26E21400250E29 /* AdvertiseArticleCell.h */,
				65F1CECF1A26E21400250E29 /* AdvertiseArticleCell.m */,
				65F1CED31A26E23800250E29 /* AdvertiseArticleCell.xib */,
			);
			path = Cells;
			sourceTree = "<group>";
		};
		65F1CEA31A26B98200250E29 /* Views */ = {
			isa = PBXGroup;
			children = (
				65F1CEA41A26B98200250E29 /* CustomNavigationView.h */,
				65F1CEA51A26B98200250E29 /* CustomNavigationView.m */,
				65F1CEA61A26B98200250E29 /* CustomNavigationView.xib */,
				F6E515571A288845003B6205 /* InputCommentView.h */,
				F6E515581A288845003B6205 /* InputCommentView.m */,
				F6E5155A1A28885A003B6205 /* InputCommentView.xib */,
			);
			path = Views;
			sourceTree = "<group>";
		};
		65F1CEB21A26B99E00250E29 /* Company Infor */ = {
			isa = PBXGroup;
			children = (
				65F1CEB31A26B99E00250E29 /* ListCompanyCategoryViewController.h */,
				65F1CEB41A26B99E00250E29 /* ListCompanyCategoryViewController.m */,
				65F1CEB51A26B99E00250E29 /* ListCompanyCategoryViewController.xib */,
				65F1CEB61A26B99E00250E29 /* ListCompanyInfoViewController.h */,
				65F1CEB71A26B99E00250E29 /* ListCompanyInfoViewController.m */,
				65F1CEB81A26B99E00250E29 /* ListCompanyInfoViewController.xib */,
				65F1CEB91A26B99E00250E29 /* ListCompanyViewController.h */,
				65F1CEBA1A26B99E00250E29 /* ListCompanyViewController.m */,
				65F1CEBB1A26B99E00250E29 /* ListCompanyViewController.xib */,
			);
			path = "Company Infor";
			sourceTree = "<group>";
		};
		81E97945360DF45BCF4A186D /* Pods */ = {
			isa = PBXGroup;
			children = (
				C8CC2EA21B66103075D4733F /* Pods.debug.xcconfig */,
				A7A0B301179B5A74B0B7C01C /* Pods.release.xcconfig */,
			);
			name = Pods;
			sourceTree = "<group>";
		};
		DB4D86141A263974008E8429 /* 05_Utilities */ = {
			isa = PBXGroup;
			children = (
				DB4D86151A263974008E8429 /* APIRequestManager.h */,
				DB4D86161A263974008E8429 /* APIRequestManager.m */,
				DB4D86171A263974008E8429 /* Define.h */,
				DB4D86181A263974008E8429 /* HBMacros.h */,
				DB4D86191A263974008E8429 /* HBMacros.m */,
				DB4D861A1A263974008E8429 /* Utils.h */,
				DB4D861B1A263974008E8429 /* Utils.m */,
			);
			path = 05_Utilities;
			sourceTree = "<group>";
		};
		DB4D861F1A263A27008E8429 /* MNMBottomPullToRefresh */ = {
			isa = PBXGroup;
			children = (
				DB4D86201A263A27008E8429 /* blueArrow.png */,
				DB4D86211A263A27008E8429 /* blueArrow@2x.png */,
				DB4D86221A263A27008E8429 /* blueArrow_flip.png */,
				DB4D86231A263A27008E8429 /* blueArrow_flip@2x.png */,
				DB4D86241A263A27008E8429 /* MNMBottomPullToRefreshManager.h */,
				DB4D86251A263A27008E8429 /* MNMBottomPullToRefreshManager.m */,
				DB4D86261A263A27008E8429 /* MNMBottomPullToRefreshView.h */,
				DB4D86271A263A27008E8429 /* MNMBottomPullToRefreshView.m */,
			);
			path = MNMBottomPullToRefresh;
			sourceTree = "<group>";
		};
		DB4D86281A263A27008E8429 /* SVPullToRefresh */ = {
			isa = PBXGroup;
			children = (
				DB4D86291A263A27008E8429 /* SVPullToRefresh.h */,
				DB4D862A1A263A27008E8429 /* UIScrollView+SVInfiniteScrolling.h */,
				DB4D862B1A263A27008E8429 /* UIScrollView+SVInfiniteScrolling.m */,
				DB4D862C1A263A27008E8429 /* UIScrollView+SVPullToRefresh.h */,
				DB4D862D1A263A27008E8429 /* UIScrollView+SVPullToRefresh.m */,
			);
			path = SVPullToRefresh;
			sourceTree = "<group>";
		};
		DB4D86361A264D73008E8429 /* Objects */ = {
			isa = PBXGroup;
			children = (
				DB4D86371A264DF1008E8429 /* CommentModel.h */,
				DB4D86381A264DF1008E8429 /* CommentModel.m */,
				DB8CAF231A275C97002E2A2A /* ShareSocial.h */,
				DB8CAF241A275C97002E2A2A /* ShareSocial.m */,
			);
			path = Objects;
			sourceTree = "<group>";
		};
		F6E515501A288707003B6205 /* HPGrowingTextView */ = {
			isa = PBXGroup;
			children = (
				F6E515511A288714003B6205 /* HPGrowingTextView.h */,
				F6E515521A288714003B6205 /* HPGrowingTextView.m */,
				F6E515531A288714003B6205 /* HPTextViewInternal.h */,
				F6E515541A288714003B6205 /* HPTextViewInternal.m */,
			);
			path = HPGrowingTextView;
			sourceTree = "<group>";
		};
/* End PBXGroup section */

/* Begin PBXNativeTarget section */
		650F650D1A1AEB6E0086A68F /* Giga */ = {
			isa = PBXNativeTarget;
			buildConfigurationList = 650F653A1A1AEB6E0086A68F /* Build configuration list for PBXNativeTarget "Giga" */;
			buildPhases = (
				FA7D0ED0C36ABF797D326902 /* Check Pods Manifest.lock */,
				650F650A1A1AEB6E0086A68F /* Sources */,
				650F650B1A1AEB6E0086A68F /* Frameworks */,
				650F650C1A1AEB6E0086A68F /* Resources */,
				6B359638278F86B06228127D /* Copy Pods Resources */,
			);
			buildRules = (
			);
			dependencies = (
			);
			name = Giga;
			productName = Giga;
			productReference = 650F650E1A1AEB6E0086A68F /* Giga.app */;
			productType = "com.apple.product-type.application";
		};
/* End PBXNativeTarget section */

/* Begin PBXProject section */
		650F65061A1AEB6E0086A68F /* Project object */ = {
			isa = PBXProject;
			attributes = {
				LastUpgradeCheck = 0510;
				ORGANIZATIONNAME = "Hoang Ho";
			};
			buildConfigurationList = 650F65091A1AEB6E0086A68F /* Build configuration list for PBXProject "Giga" */;
			compatibilityVersion = "Xcode 3.2";
			developmentRegion = English;
			hasScannedForEncodings = 0;
			knownRegions = (
				en,
			);
			mainGroup = 650F65051A1AEB6E0086A68F;
			productRefGroup = 650F650F1A1AEB6E0086A68F /* Products */;
			projectDirPath = "";
			projectRoot = "";
			targets = (
				650F650D1A1AEB6E0086A68F /* Giga */,
			);
		};
/* End PBXProject section */

/* Begin PBXResourcesBuildPhase section */
		650F650C1A1AEB6E0086A68F /* Resources */ = {
			isa = PBXResourcesBuildPhase;
			buildActionMask = 2147483647;
			files = (
				65D588001A24231E006B7106 /* bg_nav.png in Resources */,
				65D5880C1A24231E006B7106 /* ic_count_cmt2.png in Resources */,
				DB105BDA1A2504E6007669D5 /* bt_back_recruit_detail.png in Resources */,
				65D588121A24231E006B7106 /* img1.png in Resources */,
				65D5880E1A24231E006B7106 /* ico_pr@2x.png in Resources */,
				650F65501A1AEBA90086A68F /* DemoView.xib in Resources */,
				DB4D860F1A262673008E8429 /* WebDetailViewController.xib in Resources */,
				DB4D862F1A263A27008E8429 /* blueArrow@2x.png in Resources */,
				65F1CEBF1A26B99E00250E29 /* ListCompanyInfoViewController.xib in Resources */,
				65D5880B1A24231E006B7106 /* ic_count_cmt.png in Resources */,
				65D588141A24231E006B7106 /* img3.png in Resources */,
				65D588131A24231E006B7106 /* img2.png in Resources */,
				DB105BDF1A2504E6007669D5 /* icon_post_comment.png in Resources */,
				650F651C1A1AEB6E0086A68F /* InfoPlist.strings in Resources */,
				65D588191A24231E006B7106 /* img9.png in Resources */,
				65D588111A24231E006B7106 /* image-bg-white.png in Resources */,
				651D3D211A248F8E008F4C4F /* BookmarksViewController.xib in Resources */,
				DB105BDD1A2504E6007669D5 /* bt_expand_bkg.png in Resources */,
				DB4D86121A262FF9008E8429 /* bt_back_webdetail.png in Resources */,
				65F1CEC81A26C1CE00250E29 /* BookmarkCompanyCell.xib in Resources */,
				651D3D231A249175008F4C4F /* nobookmark.png in Resources */,
				DB105BDE1A2504E6007669D5 /* bt_like_bkg.png in Resources */,
				65D588071A24231E006B7106 /* bt_title_new.png in Resources */,
				DB105BCB1A24FC0A007669D5 /* temp2.png in Resources */,
				DB105BC31A24E9F1007669D5 /* company_logo.png in Resources */,
				65F1CEC11A26B99E00250E29 /* ListCompanyViewController.xib in Resources */,
				65D588101A24231E006B7106 /* image-bg-blue.png in Resources */,
				65F1CEC31A26BCD400250E29 /* language.json in Resources */,
				653C611A1A26F47800AA223D /* RecruitArticleViewController.xib in Resources */,
				DB8CAF2C1A279413002E2A2A /* CommentInputTextCell.xib in Resources */,
				DB105BDC1A2504E6007669D5 /* bt_dislike_bkg.png in Resources */,
				65D588081A24231E006B7106 /* comment.png in Resources */,
				DB8709D81A1CE5640009E6F0 /* DemoDetailViewController.xib in Resources */,
				650F65481A1AEBA00086A68F /* MainViewController.xib in Resources */,
				DB4D862E1A263A27008E8429 /* blueArrow.png in Resources */,
				DB105BC81A24FC0A007669D5 /* bt_bookmark_bkg.png in Resources */,
				65D588171A24231E006B7106 /* img7.png in Resources */,
				65D5880D1A24231E006B7106 /* ico_pr.png in Resources */,
				DB105BDB1A2504E6007669D5 /* bt_collapse_bkg.png in Resources */,
				DB8709D31A1CDB750009E6F0 /* SettingsView.xib in Resources */,
				65D5883A1A24369D006B7106 /* NormalArticleCell.xib in Resources */,
				65F1CEA21A26B97A00250E29 /* CompanyCell.xib in Resources */,
				65D588011A24231E006B7106 /* bt_back_off.png in Resources */,
				DB105BC91A24FC0A007669D5 /* bt_link_page_bgk.png in Resources */,
				65D588051A24231E006B7106 /* bt_send_off.png in Resources */,
				65D588161A24231E006B7106 /* img5.png in Resources */,
				18DC8A961A240CF700AD2637 /* Main.storyboard in Resources */,
				DB105BCA1A24FC0A007669D5 /* bt_relative_info_bkg.png in Resources */,
				65F1CEBD1A26B99E00250E29 /* ListCompanyCategoryViewController.xib in Resources */,
				65F1CE951A26B96D00250E29 /* plus.png in Resources */,
				65D588031A24231E006B7106 /* bt_cmt_off.png in Resources */,
				650F65241A1AEB6E0086A68F /* Images.xcassets in Resources */,
				65D588061A24231E006B7106 /* bt_share_off.png in Resources */,
				65EF61BB1A1C970900E04A48 /* HomeCell.xib in Resources */,
				65D588021A24231E006B7106 /* bt_bookmark_off.png in Resources */,
				65F1CEA81A26B98200250E29 /* CustomNavigationView.xib in Resources */,
				65F1CE931A26B96D00250E29 /* img6.png in Resources */,
				65F1CECA1A26E0F900250E29 /* search.png in Resources */,
				DB105BE11A2504E6007669D5 /* icon_share_recruit.png in Resources */,
				65F1CED41A26E23800250E29 /* AdvertiseArticleCell.xib in Resources */,
				DB105BE21A2504E6007669D5 /* num_comment_bkg.png in Resources */,
				65D588041A24231E006B7106 /* bt_readmore_off.png in Resources */,
				65B69D2B1A246EFF00943A3A /* line-1.png in Resources */,
				65F1CE941A26B96D00250E29 /* next.png in Resources */,
				65F1CED21A26E22500250E29 /* RecruitArticleCell.xib in Resources */,
				65D5881A1A24231E006B7106 /* twiter_off.png in Resources */,
				DB105BE01A2504E6007669D5 /* icon_reply.png in Resources */,
				F6E5155B1A28885A003B6205 /* InputCommentView.xib in Resources */,
				65D588151A24231E006B7106 /* img4.png in Resources */,
				DB105BD01A24FE3C007669D5 /* CommentCell.xib in Resources */,
				DB4D86311A263A27008E8429 /* blueArrow_flip@2x.png in Resources */,
				65D588181A24231E006B7106 /* img8.png in Resources */,
				65B69D2D1A24725D00943A3A /* line-space.png in Resources */,
				65D5880A1A24231E006B7106 /* ic_arrow.png in Resources */,
				DB105BC11A24E770007669D5 /* RecruitDetailViewController.xib in Resources */,
				DB4D86301A263A27008E8429 /* blueArrow_flip.png in Resources */,
				65D588091A24231E006B7106 /* facebook_off.png in Resources */,
				65F1CE9E1A26B97A00250E29 /* CompanyCategoryCell.xib in Resources */,
				DB4D86131A262FF9008E8429 /* temp3.png in Resources */,
				65D5880F1A24231E006B7106 /* ico_pr@3x.png in Resources */,
			);
			runOnlyForDeploymentPostprocessing = 0;
		};
/* End PBXResourcesBuildPhase section */

/* Begin PBXShellScriptBuildPhase section */
		6B359638278F86B06228127D /* Copy Pods Resources */ = {
			isa = PBXShellScriptBuildPhase;
			buildActionMask = 2147483647;
			files = (
			);
			inputPaths = (
			);
			name = "Copy Pods Resources";
			outputPaths = (
			);
			runOnlyForDeploymentPostprocessing = 0;
			shellPath = /bin/sh;
			shellScript = "\"${SRCROOT}/Pods/Target Support Files/Pods/Pods-resources.sh\"\n";
			showEnvVarsInLog = 0;
		};
		FA7D0ED0C36ABF797D326902 /* Check Pods Manifest.lock */ = {
			isa = PBXShellScriptBuildPhase;
			buildActionMask = 2147483647;
			files = (
			);
			inputPaths = (
			);
			name = "Check Pods Manifest.lock";
			outputPaths = (
			);
			runOnlyForDeploymentPostprocessing = 0;
			shellPath = /bin/sh;
			shellScript = "diff \"${PODS_ROOT}/../Podfile.lock\" \"${PODS_ROOT}/Manifest.lock\" > /dev/null\nif [[ $? != 0 ]] ; then\n    cat << EOM\nerror: The sandbox is not in sync with the Podfile.lock. Run 'pod install' or update your CocoaPods installation.\nEOM\n    exit 1\nfi\n";
			showEnvVarsInLog = 0;
		};
/* End PBXShellScriptBuildPhase section */

/* Begin PBXSourcesBuildPhase section */
		650F650A1A1AEB6E0086A68F /* Sources */ = {
			isa = PBXSourcesBuildPhase;
			buildActionMask = 2147483647;
			files = (
				650F65221A1AEB6E0086A68F /* AppDelegate.m in Sources */,
				DB4D861C1A263974008E8429 /* APIRequestManager.m in Sources */,
				DB4D861D1A263974008E8429 /* HBMacros.m in Sources */,
				65F1CEBE1A26B99E00250E29 /* ListCompanyInfoViewController.m in Sources */,
				650F654F1A1AEBA90086A68F /* DemoView.m in Sources */,
				6516EF541A241AED001747D4 /* BaseModel.m in Sources */,
				F6E515591A288845003B6205 /* InputCommentView.m in Sources */,
				65F1CEB11A26B99400250E29 /* CompanyModel.m in Sources */,
				DB8CAF251A275C97002E2A2A /* ShareSocial.m in Sources */,
				65F1CEBC1A26B99E00250E29 /* ListCompanyCategoryViewController.m in Sources */,
				65D5881E1A24239B006B7106 /* ArticleViewController.m in Sources */,
				65D588211A2423B1006B7106 /* BaseViewController.m in Sources */,
				65D588311A24278D006B7106 /* TabViewController.m in Sources */,
				65EF61CE1A1C989C00E04A48 /* SampleModel.m in Sources */,
				65F1CED01A26E21400250E29 /* AdvertiseArticleCell.m in Sources */,
				65F1CE9F1A26B97A00250E29 /* BaseCell.m in Sources */,
				653C611D1A26F6D200AA223D /* AdsModel.m in Sources */,
				650F65471A1AEBA00086A68F /* MainViewController.m in Sources */,
				DB4D860E1A262673008E8429 /* WebDetailViewController.m in Sources */,
				650F651E1A1AEB6E0086A68F /* main.m in Sources */,
				DB4D86341A263A27008E8429 /* UIScrollView+SVInfiniteScrolling.m in Sources */,
				65EF61BA1A1C970900E04A48 /* HomeCell.m in Sources */,
				65F1CEAF1A26B99400250E29 /* ArticleCategoryModel.m in Sources */,
				65F1CEA01A26B97A00250E29 /* CompanyCategoryCell.m in Sources */,
				653C61191A26F47800AA223D /* RecruitArticleViewController.m in Sources */,
				DB4D86321A263A27008E8429 /* MNMBottomPullToRefreshManager.m in Sources */,
				DB4D86331A263A27008E8429 /* MNMBottomPullToRefreshView.m in Sources */,
				65F1CED71A26EFC000250E29 /* RecruitArticleModel.m in Sources */,
				65F1CEB01A26B99400250E29 /* CompanyCategoryModel.m in Sources */,
				650F654E1A1AEBA90086A68F /* HBTabBar.m in Sources */,
				6516EF5A1A241C32001747D4 /* BaseManagedObject.m in Sources */,
				65F1CECD1A26E1FD00250E29 /* RecruitArticleCell.m in Sources */,
				65D588381A24367A006B7106 /* NormalArticleCell.m in Sources */,
				DB4D861E1A263974008E8429 /* Utils.m in Sources */,
				65F1CEA11A26B97A00250E29 /* CompanyCell.m in Sources */,
				65F1CEA71A26B98200250E29 /* CustomNavigationView.m in Sources */,
				F6E515551A288714003B6205 /* HPGrowingTextView.m in Sources */,
				F6E515561A288714003B6205 /* HPTextViewInternal.m in Sources */,
				DB8709D71A1CE5640009E6F0 /* DemoDetailViewController.m in Sources */,
				DB4D86391A264DF1008E8429 /* CommentModel.m in Sources */,
				DB4D86351A263A27008E8429 /* UIScrollView+SVPullToRefresh.m in Sources */,
				DB105BCF1A24FE3C007669D5 /* CommentCell.m in Sources */,
				65D588271A242446006B7106 /* ArticleModel.m in Sources */,
				65F1CEC01A26B99E00250E29 /* ListCompanyViewController.m in Sources */,
				65F1CEC61A26C1AE00250E29 /* BookmarkCompanyCell.m in Sources */,
				651D3D201A248F8E008F4C4F /* BookmarksViewController.m in Sources */,
				DB105BC01A24E770007669D5 /* RecruitDetailViewController.m in Sources */,
				DB8709D11A1CDB4D0009E6F0 /* SettingsView.m in Sources */,
				DB8CAF2B1A279413002E2A2A /* CommentInputTextCell.m in Sources */,
			);
			runOnlyForDeploymentPostprocessing = 0;
		};
/* End PBXSourcesBuildPhase section */

/* Begin PBXVariantGroup section */
		650F651A1A1AEB6E0086A68F /* InfoPlist.strings */ = {
			isa = PBXVariantGroup;
			children = (
				650F651B1A1AEB6E0086A68F /* en */,
			);
			name = InfoPlist.strings;
			sourceTree = "<group>";
		};
/* End PBXVariantGroup section */

/* Begin XCBuildConfiguration section */
		650F65381A1AEB6E0086A68F /* Debug */ = {
			isa = XCBuildConfiguration;
			buildSettings = {
				ALWAYS_SEARCH_USER_PATHS = NO;
				CLANG_CXX_LANGUAGE_STANDARD = "gnu++0x";
				CLANG_CXX_LIBRARY = "libc++";
				CLANG_ENABLE_MODULES = YES;
				CLANG_ENABLE_OBJC_ARC = YES;
				CLANG_WARN_BOOL_CONVERSION = YES;
				CLANG_WARN_CONSTANT_CONVERSION = YES;
				CLANG_WARN_DIRECT_OBJC_ISA_USAGE = YES_ERROR;
				CLANG_WARN_EMPTY_BODY = YES;
				CLANG_WARN_ENUM_CONVERSION = YES;
				CLANG_WARN_INT_CONVERSION = YES;
				CLANG_WARN_OBJC_ROOT_CLASS = YES_ERROR;
				CLANG_WARN__DUPLICATE_METHOD_MATCH = YES;
				"CODE_SIGN_IDENTITY[sdk=iphoneos*]" = "iPhone Developer";
				COPY_PHASE_STRIP = NO;
				GCC_C_LANGUAGE_STANDARD = gnu99;
				GCC_DYNAMIC_NO_PIC = NO;
				GCC_OPTIMIZATION_LEVEL = 0;
				GCC_PREPROCESSOR_DEFINITIONS = (
					"DEBUG=1",
					"$(inherited)",
				);
				GCC_SYMBOLS_PRIVATE_EXTERN = NO;
				GCC_WARN_64_TO_32_BIT_CONVERSION = YES;
				GCC_WARN_ABOUT_RETURN_TYPE = YES_ERROR;
				GCC_WARN_UNDECLARED_SELECTOR = YES;
				GCC_WARN_UNINITIALIZED_AUTOS = YES_AGGRESSIVE;
				GCC_WARN_UNUSED_FUNCTION = YES;
				GCC_WARN_UNUSED_VARIABLE = YES;
				IPHONEOS_DEPLOYMENT_TARGET = 7.1;
				ONLY_ACTIVE_ARCH = YES;
				SDKROOT = iphoneos;
			};
			name = Debug;
		};
		650F65391A1AEB6E0086A68F /* Release */ = {
			isa = XCBuildConfiguration;
			buildSettings = {
				ALWAYS_SEARCH_USER_PATHS = NO;
				CLANG_CXX_LANGUAGE_STANDARD = "gnu++0x";
				CLANG_CXX_LIBRARY = "libc++";
				CLANG_ENABLE_MODULES = YES;
				CLANG_ENABLE_OBJC_ARC = YES;
				CLANG_WARN_BOOL_CONVERSION = YES;
				CLANG_WARN_CONSTANT_CONVERSION = YES;
				CLANG_WARN_DIRECT_OBJC_ISA_USAGE = YES_ERROR;
				CLANG_WARN_EMPTY_BODY = YES;
				CLANG_WARN_ENUM_CONVERSION = YES;
				CLANG_WARN_INT_CONVERSION = YES;
				CLANG_WARN_OBJC_ROOT_CLASS = YES_ERROR;
				CLANG_WARN__DUPLICATE_METHOD_MATCH = YES;
				"CODE_SIGN_IDENTITY[sdk=iphoneos*]" = "iPhone Developer";
				COPY_PHASE_STRIP = YES;
				ENABLE_NS_ASSERTIONS = NO;
				GCC_C_LANGUAGE_STANDARD = gnu99;
				GCC_WARN_64_TO_32_BIT_CONVERSION = YES;
				GCC_WARN_ABOUT_RETURN_TYPE = YES_ERROR;
				GCC_WARN_UNDECLARED_SELECTOR = YES;
				GCC_WARN_UNINITIALIZED_AUTOS = YES_AGGRESSIVE;
				GCC_WARN_UNUSED_FUNCTION = YES;
				GCC_WARN_UNUSED_VARIABLE = YES;
				IPHONEOS_DEPLOYMENT_TARGET = 7.1;
				SDKROOT = iphoneos;
				VALIDATE_PRODUCT = YES;
			};
			name = Release;
		};
		650F653B1A1AEB6E0086A68F /* Debug */ = {
			isa = XCBuildConfiguration;
			baseConfigurationReference = C8CC2EA21B66103075D4733F /* Pods.debug.xcconfig */;
			buildSettings = {
				ASSETCATALOG_COMPILER_APPICON_NAME = AppIcon;
				ASSETCATALOG_COMPILER_LAUNCHIMAGE_NAME = LaunchImage;
				"CODE_SIGN_IDENTITY[sdk=iphoneos*]" = "iPhone Distribution: Vu Trong (5WX3ZR98FQ)";
				GCC_PRECOMPILE_PREFIX_HEADER = YES;
				GCC_PREFIX_HEADER = "Giga/Giga-Prefix.pch";
				INFOPLIST_FILE = "Giga/Giga-Info.plist";
				IPHONEOS_DEPLOYMENT_TARGET = 6.1;
				PRODUCT_NAME = "$(TARGET_NAME)";
				PROVISIONING_PROFILE = "8b18b09b-1e6a-4e63-a8b5-465a56a157bf";
				WRAPPER_EXTENSION = app;
			};
			name = Debug;
		};
		650F653C1A1AEB6E0086A68F /* Release */ = {
			isa = XCBuildConfiguration;
			baseConfigurationReference = A7A0B301179B5A74B0B7C01C /* Pods.release.xcconfig */;
			buildSettings = {
				ASSETCATALOG_COMPILER_APPICON_NAME = AppIcon;
				ASSETCATALOG_COMPILER_LAUNCHIMAGE_NAME = LaunchImage;
				"CODE_SIGN_IDENTITY[sdk=iphoneos*]" = "iPhone Distribution: Vu Trong (5WX3ZR98FQ)";
				GCC_PRECOMPILE_PREFIX_HEADER = YES;
				GCC_PREFIX_HEADER = "Giga/Giga-Prefix.pch";
				INFOPLIST_FILE = "Giga/Giga-Info.plist";
				IPHONEOS_DEPLOYMENT_TARGET = 6.1;
				PRODUCT_NAME = "$(TARGET_NAME)";
				PROVISIONING_PROFILE = "8b18b09b-1e6a-4e63-a8b5-465a56a157bf";
				WRAPPER_EXTENSION = app;
			};
			name = Release;
		};
/* End XCBuildConfiguration section */

/* Begin XCConfigurationList section */
		650F65091A1AEB6E0086A68F /* Build configuration list for PBXProject "Giga" */ = {
			isa = XCConfigurationList;
			buildConfigurations = (
				650F65381A1AEB6E0086A68F /* Debug */,
				650F65391A1AEB6E0086A68F /* Release */,
			);
			defaultConfigurationIsVisible = 0;
			defaultConfigurationName = Release;
		};
		650F653A1A1AEB6E0086A68F /* Build configuration list for PBXNativeTarget "Giga" */ = {
			isa = XCConfigurationList;
			buildConfigurations = (
				650F653B1A1AEB6E0086A68F /* Debug */,
				650F653C1A1AEB6E0086A68F /* Release */,
			);
			defaultConfigurationIsVisible = 0;
			defaultConfigurationName = Release;
		};
/* End XCConfigurationList section */
	};
	rootObject = 650F65061A1AEB6E0086A68F /* Project object */;
}
